// !$*UTF8*$!
{
	archiveVersion = 1;
	classes = {
	};
	objectVersion = 46;
	objects = {

/* Begin PBXBuildFile section */
		4E4A13F179BBA67B103596BB /* libPods-AKFootball.a in Frameworks */ = {isa = PBXBuildFile; fileRef = B72AC836A2541D7B05226C64 /* libPods-AKFootball.a */; };
		843215841D2DAA2100DF9FA3 /* AKContext.m in Sources */ = {isa = PBXBuildFile; fileRef = 843215831D2DAA2100DF9FA3 /* AKContext.m */; };
		84354D431D3F8C5D001DF034 /* AKFootball.xcdatamodeld in Sources */ = {isa = PBXBuildFile; fileRef = 84354D2A1D3F8C5D001DF034 /* AKFootball.xcdatamodeld */; };
		84354D441D3F8C5D001DF034 /* AKLeague+CoreDataProperties.m in Sources */ = {isa = PBXBuildFile; fileRef = 84354D2E1D3F8C5D001DF034 /* AKLeague+CoreDataProperties.m */; };
		84354D451D3F8C5D001DF034 /* AKLeague.m in Sources */ = {isa = PBXBuildFile; fileRef = 84354D301D3F8C5D001DF034 /* AKLeague.m */; };
		84354D461D3F8C5D001DF034 /* AKManagedObject.m in Sources */ = {isa = PBXBuildFile; fileRef = 84354D331D3F8C5D001DF034 /* AKManagedObject.m */; };
		84354D471D3F8C5D001DF034 /* AKMatch+CoreDataProperties.m in Sources */ = {isa = PBXBuildFile; fileRef = 84354D361D3F8C5D001DF034 /* AKMatch+CoreDataProperties.m */; };
		84354D481D3F8C5D001DF034 /* AKMatch.m in Sources */ = {isa = PBXBuildFile; fileRef = 84354D381D3F8C5D001DF034 /* AKMatch.m */; };
		84354D491D3F8C5D001DF034 /* AKSeason+CoreDataProperties.m in Sources */ = {isa = PBXBuildFile; fileRef = 84354D3B1D3F8C5D001DF034 /* AKSeason+CoreDataProperties.m */; };
		84354D4A1D3F8C5D001DF034 /* AKSeason.m in Sources */ = {isa = PBXBuildFile; fileRef = 84354D3D1D3F8C5D001DF034 /* AKSeason.m */; };
		84354D4B1D3F8C5D001DF034 /* AKTeam+CoreDataProperties.m in Sources */ = {isa = PBXBuildFile; fileRef = 84354D401D3F8C5D001DF034 /* AKTeam+CoreDataProperties.m */; };
		84354D4C1D3F8C5D001DF034 /* AKTeam.m in Sources */ = {isa = PBXBuildFile; fileRef = 84354D421D3F8C5D001DF034 /* AKTeam.m */; };
		843E0E951D3A5DAD00C733C2 /* AKTournamentViewCell.m in Sources */ = {isa = PBXBuildFile; fileRef = 843E0E931D3A5DAD00C733C2 /* AKTournamentViewCell.m */; };
		843E0E961D3A5DAD00C733C2 /* AKTournamentViewCell.xib in Resources */ = {isa = PBXBuildFile; fileRef = 843E0E941D3A5DAD00C733C2 /* AKTournamentViewCell.xib */; };
		843E0E9A1D3A5F9700C733C2 /* AKTournamentContext.m in Sources */ = {isa = PBXBuildFile; fileRef = 843E0E991D3A5F9700C733C2 /* AKTournamentContext.m */; };
		843E0EA11D3CE28400C733C2 /* AKTabBarViewController.m in Sources */ = {isa = PBXBuildFile; fileRef = 843E0EA01D3CE28400C733C2 /* AKTabBarViewController.m */; };
		843E0EA51D3CE2B900C733C2 /* AKTabBarViewController.xib in Resources */ = {isa = PBXBuildFile; fileRef = 843E0EA41D3CE2B800C733C2 /* AKTabBarViewController.xib */; };
		843E0EA91D3CE31600C733C2 /* AKTabBarView.m in Sources */ = {isa = PBXBuildFile; fileRef = 843E0EA81D3CE31600C733C2 /* AKTabBarView.m */; };
		843E0EAD1D3D5AC800C733C2 /* UIView+AKCategory.m in Sources */ = {isa = PBXBuildFile; fileRef = 843E0EAC1D3D5AC800C733C2 /* UIView+AKCategory.m */; };
		8444DA8C1D364CAA005909BA /* AKMatchesViewCell.m in Sources */ = {isa = PBXBuildFile; fileRef = 8444DA8A1D364CAA005909BA /* AKMatchesViewCell.m */; };
		8444DA8D1D364CAA005909BA /* AKMatchesViewCell.xib in Resources */ = {isa = PBXBuildFile; fileRef = 8444DA8B1D364CAA005909BA /* AKMatchesViewCell.xib */; };
		8444DA911D3656EA005909BA /* AKMatchContext.m in Sources */ = {isa = PBXBuildFile; fileRef = 8444DA901D3656EA005909BA /* AKMatchContext.m */; };
		84BEC0CF1D23DA60008E43E5 /* AKAlphabet.m in Sources */ = {isa = PBXBuildFile; fileRef = 84BEC0581D23DA60008E43E5 /* AKAlphabet.m */; };
		84BEC0D01D23DA60008E43E5 /* AKClusterAlphabet.m in Sources */ = {isa = PBXBuildFile; fileRef = 84BEC05B1D23DA60008E43E5 /* AKClusterAlphabet.m */; };
		84BEC0D11D23DA60008E43E5 /* AKRangeAlphabet.m in Sources */ = {isa = PBXBuildFile; fileRef = 84BEC05D1D23DA60008E43E5 /* AKRangeAlphabet.m */; };
		84BEC0D21D23DA60008E43E5 /* AKStringAlphabet.m in Sources */ = {isa = PBXBuildFile; fileRef = 84BEC05F1D23DA60008E43E5 /* AKStringAlphabet.m */; };
		84BEC0D31D23DA60008E43E5 /* AKDispatch.m in Sources */ = {isa = PBXBuildFile; fileRef = 84BEC0621D23DA60008E43E5 /* AKDispatch.m */; };
		84BEC0D41D23DA60008E43E5 /* AKObserver.m in Sources */ = {isa = PBXBuildFile; fileRef = 84BEC0651D23DA60008E43E5 /* AKObserver.m */; };
		84BEC0D51D23DA60008E43E5 /* AKObserverArray.m in Sources */ = {isa = PBXBuildFile; fileRef = 84BEC0691D23DA60008E43E5 /* AKObserverArray.m */; };
		84BEC0D61D23DA60008E43E5 /* AKObserverDictionary.m in Sources */ = {isa = PBXBuildFile; fileRef = 84BEC06C1D23DA60008E43E5 /* AKObserverDictionary.m */; };
		84BEC0D71D23DA60008E43E5 /* AKObserverObject.m in Sources */ = {isa = PBXBuildFile; fileRef = 84BEC06F1D23DA60008E43E5 /* AKObserverObject.m */; };
		84BEC0D81D23DA60008E43E5 /* CGGeometry+AKCategory.m in Sources */ = {isa = PBXBuildFile; fileRef = 84BEC0731D23DA60008E43E5 /* CGGeometry+AKCategory.m */; };
		84BEC0D91D23DA60008E43E5 /* NSBundle+AKCategory.m in Sources */ = {isa = PBXBuildFile; fileRef = 84BEC0761D23DA60008E43E5 /* NSBundle+AKCategory.m */; };
		84BEC0DA1D23DA60008E43E5 /* NSFileManager+AKCategory.m in Sources */ = {isa = PBXBuildFile; fileRef = 84BEC0791D23DA60008E43E5 /* NSFileManager+AKCategory.m */; };
		84BEC0DB1D23DA60008E43E5 /* NSObject+AKExtensions.m in Sources */ = {isa = PBXBuildFile; fileRef = 84BEC07C1D23DA60008E43E5 /* NSObject+AKExtensions.m */; };
		84BEC0DC1D23DA60008E43E5 /* NSString+AKExtensions.m in Sources */ = {isa = PBXBuildFile; fileRef = 84BEC07F1D23DA60008E43E5 /* NSString+AKExtensions.m */; };
		84BEC0DD1D23DA60008E43E5 /* UICollectionView+AKCategory.m in Sources */ = {isa = PBXBuildFile; fileRef = 84BEC0821D23DA60008E43E5 /* UICollectionView+AKCategory.m */; };
		84BEC0DE1D23DA60008E43E5 /* UINavigationController+AKCategory.m in Sources */ = {isa = PBXBuildFile; fileRef = 84BEC0851D23DA60008E43E5 /* UINavigationController+AKCategory.m */; };
		84BEC0DF1D23DA60008E43E5 /* UINib+AKCategory.m in Sources */ = {isa = PBXBuildFile; fileRef = 84BEC0881D23DA60008E43E5 /* UINib+AKCategory.m */; };
		84BEC0E01D23DA60008E43E5 /* UITableView+AKCategory.m in Sources */ = {isa = PBXBuildFile; fileRef = 84BEC08B1D23DA60008E43E5 /* UITableView+AKCategory.m */; };
		84BEC0E11D23DA60008E43E5 /* UIViewController+AKCategory.m in Sources */ = {isa = PBXBuildFile; fileRef = 84BEC08E1D23DA60008E43E5 /* UIViewController+AKCategory.m */; };
		84BEC0E21D23DA60008E43E5 /* UIWindow+AKCategory.m in Sources */ = {isa = PBXBuildFile; fileRef = 84BEC0911D23DA60008E43E5 /* UIWindow+AKCategory.m */; };
		84BEC0E31D23DA60008E43E5 /* AKArrayModel.m in Sources */ = {isa = PBXBuildFile; fileRef = 84BEC0981D23DA60008E43E5 /* AKArrayModel.m */; };
		84BEC0E41D23DA60008E43E5 /* AKArrayManager.m in Sources */ = {isa = PBXBuildFile; fileRef = 84BEC09B1D23DA60008E43E5 /* AKArrayManager.m */; };
		84BEC0E51D23DA60008E43E5 /* AKModel.m in Sources */ = {isa = PBXBuildFile; fileRef = 84BEC09E1D23DA60008E43E5 /* AKModel.m */; };
		84BEC0E61D23DA60008E43E5 /* AKSharedCacheModel.m in Sources */ = {isa = PBXBuildFile; fileRef = 84BEC0A11D23DA60008E43E5 /* AKSharedCacheModel.m */; };
		84BEC0E71D23DA60008E43E5 /* AKStateModel.m in Sources */ = {isa = PBXBuildFile; fileRef = 84BEC0A41D23DA60008E43E5 /* AKStateModel.m */; };
		84BEC0E81D23DA60008E43E5 /* AKStringModel.m in Sources */ = {isa = PBXBuildFile; fileRef = 84BEC0A71D23DA60008E43E5 /* AKStringModel.m */; };
		84BEC0E91D23DA60008E43E5 /* AKImageModel.m in Sources */ = {isa = PBXBuildFile; fileRef = 84BEC0AC1D23DA60008E43E5 /* AKImageModel.m */; };
		84BEC0EA1D23DA60008E43E5 /* AKImageView.m in Sources */ = {isa = PBXBuildFile; fileRef = 84BEC0AE1D23DA60008E43E5 /* AKImageView.m */; };
		84BEC0EB1D23DA60008E43E5 /* AKUserViewCell.m in Sources */ = {isa = PBXBuildFile; fileRef = 84BEC0B11D23DA60008E43E5 /* AKUserViewCell.m */; };
		84BEC0EC1D23DA60008E43E5 /* AKUserViewCell.xib in Resources */ = {isa = PBXBuildFile; fileRef = 84BEC0B21D23DA60008E43E5 /* AKUserViewCell.xib */; };
		84BEC0ED1D23DA60008E43E5 /* AKUserView.m in Sources */ = {isa = PBXBuildFile; fileRef = 84BEC0B61D23DA60008E43E5 /* AKUserView.m */; };
		84BEC0EE1D23DA60008E43E5 /* AKUserViewController.m in Sources */ = {isa = PBXBuildFile; fileRef = 84BEC0B81D23DA60008E43E5 /* AKUserViewController.m */; };
		84BEC0EF1D23DA60008E43E5 /* AKUserViewController.xib in Resources */ = {isa = PBXBuildFile; fileRef = 84BEC0B91D23DA60008E43E5 /* AKUserViewController.xib */; };
		84BEC0F01D23DA60008E43E5 /* AKLoadingView.m in Sources */ = {isa = PBXBuildFile; fileRef = 84BEC0BD1D23DA60008E43E5 /* AKLoadingView.m */; };
		84BEC0F11D23DA60008E43E5 /* AKLoadingView.xib in Resources */ = {isa = PBXBuildFile; fileRef = 84BEC0BE1D23DA60008E43E5 /* AKLoadingView.xib */; };
		84BEC0F21D23DA60008E43E5 /* AKView.m in Sources */ = {isa = PBXBuildFile; fileRef = 84BEC0C01D23DA60008E43E5 /* AKView.m */; };
		84BEC0F51D23DA60008E43E5 /* Assets.xcassets in Resources */ = {isa = PBXBuildFile; fileRef = 84BEC0C81D23DA60008E43E5 /* Assets.xcassets */; };
		84BEC0F61D23DA60008E43E5 /* LaunchScreen.storyboard in Resources */ = {isa = PBXBuildFile; fileRef = 84BEC0C91D23DA60008E43E5 /* LaunchScreen.storyboard */; };
		84BEC0F71D23DA60008E43E5 /* Main.storyboard in Resources */ = {isa = PBXBuildFile; fileRef = 84BEC0CB1D23DA60008E43E5 /* Main.storyboard */; };
		84BEC0F91D23DA60008E43E5 /* main.m in Sources */ = {isa = PBXBuildFile; fileRef = 84BEC0CE1D23DA60008E43E5 /* main.m */; };
		84BEC0FD1D23DA7D008E43E5 /* AppDelegate.m in Sources */ = {isa = PBXBuildFile; fileRef = 84BEC0FC1D23DA7D008E43E5 /* AppDelegate.m */; };
		84E0A7581D2473EE00B86C93 /* AKLeaguesViewController.m in Sources */ = {isa = PBXBuildFile; fileRef = 84E0A7561D2473EE00B86C93 /* AKLeaguesViewController.m */; };
		84E0A7591D2473EE00B86C93 /* AKLeaguesViewController.xib in Resources */ = {isa = PBXBuildFile; fileRef = 84E0A7571D2473EE00B86C93 /* AKLeaguesViewController.xib */; };
		84E0A75D1D2528E900B86C93 /* AKCustomViewController.m in Sources */ = {isa = PBXBuildFile; fileRef = 84E0A75C1D2528E900B86C93 /* AKCustomViewController.m */; };
		84E0A7611D252B0100B86C93 /* UIBarButtonItem+AKCategory.m in Sources */ = {isa = PBXBuildFile; fileRef = 84E0A7601D252B0100B86C93 /* UIBarButtonItem+AKCategory.m */; };
		84E0A7651D25416200B86C93 /* AKLeaguesView.m in Sources */ = {isa = PBXBuildFile; fileRef = 84E0A7641D25416200B86C93 /* AKLeaguesView.m */; };
		84E0A76A1D254C9400B86C93 /* AKLeaguesViewCell.m in Sources */ = {isa = PBXBuildFile; fileRef = 84E0A7681D254C9400B86C93 /* AKLeaguesViewCell.m */; };
		84E0A76B1D254C9400B86C93 /* AKLeaguesViewCell.xib in Resources */ = {isa = PBXBuildFile; fileRef = 84E0A7691D254C9400B86C93 /* AKLeaguesViewCell.xib */; };
		84E0A7711D26949700B86C93 /* AKTeamsViewController.m in Sources */ = {isa = PBXBuildFile; fileRef = 84E0A76F1D26949700B86C93 /* AKTeamsViewController.m */; };
		84E0A7721D26949700B86C93 /* AKTeamsViewController.xib in Resources */ = {isa = PBXBuildFile; fileRef = 84E0A7701D26949700B86C93 /* AKTeamsViewController.xib */; };
		84E0A7761D26957000B86C93 /* AKTeamsView.m in Sources */ = {isa = PBXBuildFile; fileRef = 84E0A7751D26957000B86C93 /* AKTeamsView.m */; };
		84E0A77B1D2697B600B86C93 /* AKMatchesViewController.m in Sources */ = {isa = PBXBuildFile; fileRef = 84E0A7791D2697B600B86C93 /* AKMatchesViewController.m */; };
		84E0A77C1D2697B600B86C93 /* AKMatchesViewController.xib in Resources */ = {isa = PBXBuildFile; fileRef = 84E0A77A1D2697B600B86C93 /* AKMatchesViewController.xib */; };
		84E0A7801D2697DA00B86C93 /* AKMatchesView.m in Sources */ = {isa = PBXBuildFile; fileRef = 84E0A77F1D2697DA00B86C93 /* AKMatchesView.m */; };
		84E0A7851D26995100B86C93 /* AKTournamentViewController.m in Sources */ = {isa = PBXBuildFile; fileRef = 84E0A7831D26995100B86C93 /* AKTournamentViewController.m */; };
		84E0A7861D26995100B86C93 /* AKTournamentViewController.xib in Resources */ = {isa = PBXBuildFile; fileRef = 84E0A7841D26995100B86C93 /* AKTournamentViewController.xib */; };
		84E0A78A1D26997100B86C93 /* AKTournamentView.m in Sources */ = {isa = PBXBuildFile; fileRef = 84E0A7891D26997100B86C93 /* AKTournamentView.m */; };
		84E277FB1D24363B00F14BBD /* AKSeasonsView.m in Sources */ = {isa = PBXBuildFile; fileRef = 84E277F31D24363B00F14BBD /* AKSeasonsView.m */; };
		84E277FC1D24363B00F14BBD /* AKSeasonsViewController.m in Sources */ = {isa = PBXBuildFile; fileRef = 84E277F51D24363B00F14BBD /* AKSeasonsViewController.m */; };
		84E277FD1D24363B00F14BBD /* AKSeasonsViewController.xib in Resources */ = {isa = PBXBuildFile; fileRef = 84E277F61D24363B00F14BBD /* AKSeasonsViewController.xib */; };
		84E277FE1D24363B00F14BBD /* AKSeasonsViewCell.m in Sources */ = {isa = PBXBuildFile; fileRef = 84E277F91D24363B00F14BBD /* AKSeasonsViewCell.m */; };
		84E277FF1D24363B00F14BBD /* AKSeasonsViewCell.xib in Resources */ = {isa = PBXBuildFile; fileRef = 84E277FA1D24363B00F14BBD /* AKSeasonsViewCell.xib */; };
		84F0F3BD1D33D402002A8A94 /* AKLeaguesContext.m in Sources */ = {isa = PBXBuildFile; fileRef = 84F0F3BC1D33D402002A8A94 /* AKLeaguesContext.m */; };
		84F0F3C21D33D60B002A8A94 /* AKTeamsViewCell.m in Sources */ = {isa = PBXBuildFile; fileRef = 84F0F3C01D33D60B002A8A94 /* AKTeamsViewCell.m */; };
		84F0F3C31D33D60B002A8A94 /* AKTeamsViewCell.xib in Resources */ = {isa = PBXBuildFile; fileRef = 84F0F3C11D33D60B002A8A94 /* AKTeamsViewCell.xib */; };
		84F0F3CD1D3406BB002A8A94 /* AKTeamContext.m in Sources */ = {isa = PBXBuildFile; fileRef = 84F0F3CC1D3406BB002A8A94 /* AKTeamContext.m */; };
/* End PBXBuildFile section */

/* Begin PBXFileReference section */
		031C4257E0310E7DB1AB3400 /* Pods-AKFootball.debug.xcconfig */ = {isa = PBXFileReference; includeInIndex = 1; lastKnownFileType = text.xcconfig; name = "Pods-AKFootball.debug.xcconfig"; path = "Pods/Target Support Files/Pods-AKFootball/Pods-AKFootball.debug.xcconfig"; sourceTree = "<group>"; };
		843215821D2DAA2100DF9FA3 /* AKContext.h */ = {isa = PBXFileReference; fileEncoding = 4; lastKnownFileType = sourcecode.c.h; path = AKContext.h; sourceTree = "<group>"; };
		843215831D2DAA2100DF9FA3 /* AKContext.m */ = {isa = PBXFileReference; fileEncoding = 4; lastKnownFileType = sourcecode.c.objc; path = AKContext.m; sourceTree = "<group>"; };
		84354D2B1D3F8C5D001DF034 /* AKFootball.xcdatamodel */ = {isa = PBXFileReference; lastKnownFileType = wrapper.xcdatamodel; path = AKFootball.xcdatamodel; sourceTree = "<group>"; };
		84354D2D1D3F8C5D001DF034 /* AKLeague+CoreDataProperties.h */ = {isa = PBXFileReference; fileEncoding = 4; lastKnownFileType = sourcecode.c.h; path = "AKLeague+CoreDataProperties.h"; sourceTree = "<group>"; };
		84354D2E1D3F8C5D001DF034 /* AKLeague+CoreDataProperties.m */ = {isa = PBXFileReference; fileEncoding = 4; lastKnownFileType = sourcecode.c.objc; path = "AKLeague+CoreDataProperties.m"; sourceTree = "<group>"; };
		84354D2F1D3F8C5D001DF034 /* AKLeague.h */ = {isa = PBXFileReference; fileEncoding = 4; lastKnownFileType = sourcecode.c.h; path = AKLeague.h; sourceTree = "<group>"; };
		84354D301D3F8C5D001DF034 /* AKLeague.m */ = {isa = PBXFileReference; fileEncoding = 4; lastKnownFileType = sourcecode.c.objc; path = AKLeague.m; sourceTree = "<group>"; };
		84354D321D3F8C5D001DF034 /* AKManagedObject.h */ = {isa = PBXFileReference; fileEncoding = 4; lastKnownFileType = sourcecode.c.h; path = AKManagedObject.h; sourceTree = "<group>"; };
		84354D331D3F8C5D001DF034 /* AKManagedObject.m */ = {isa = PBXFileReference; fileEncoding = 4; lastKnownFileType = sourcecode.c.objc; path = AKManagedObject.m; sourceTree = "<group>"; };
		84354D351D3F8C5D001DF034 /* AKMatch+CoreDataProperties.h */ = {isa = PBXFileReference; fileEncoding = 4; lastKnownFileType = sourcecode.c.h; path = "AKMatch+CoreDataProperties.h"; sourceTree = "<group>"; };
		84354D361D3F8C5D001DF034 /* AKMatch+CoreDataProperties.m */ = {isa = PBXFileReference; fileEncoding = 4; lastKnownFileType = sourcecode.c.objc; path = "AKMatch+CoreDataProperties.m"; sourceTree = "<group>"; };
		84354D371D3F8C5D001DF034 /* AKMatch.h */ = {isa = PBXFileReference; fileEncoding = 4; lastKnownFileType = sourcecode.c.h; path = AKMatch.h; sourceTree = "<group>"; };
		84354D381D3F8C5D001DF034 /* AKMatch.m */ = {isa = PBXFileReference; fileEncoding = 4; lastKnownFileType = sourcecode.c.objc; path = AKMatch.m; sourceTree = "<group>"; };
		84354D3A1D3F8C5D001DF034 /* AKSeason+CoreDataProperties.h */ = {isa = PBXFileReference; fileEncoding = 4; lastKnownFileType = sourcecode.c.h; path = "AKSeason+CoreDataProperties.h"; sourceTree = "<group>"; };
		84354D3B1D3F8C5D001DF034 /* AKSeason+CoreDataProperties.m */ = {isa = PBXFileReference; fileEncoding = 4; lastKnownFileType = sourcecode.c.objc; path = "AKSeason+CoreDataProperties.m"; sourceTree = "<group>"; };
		84354D3C1D3F8C5D001DF034 /* AKSeason.h */ = {isa = PBXFileReference; fileEncoding = 4; lastKnownFileType = sourcecode.c.h; path = AKSeason.h; sourceTree = "<group>"; };
		84354D3D1D3F8C5D001DF034 /* AKSeason.m */ = {isa = PBXFileReference; fileEncoding = 4; lastKnownFileType = sourcecode.c.objc; path = AKSeason.m; sourceTree = "<group>"; };
		84354D3F1D3F8C5D001DF034 /* AKTeam+CoreDataProperties.h */ = {isa = PBXFileReference; fileEncoding = 4; lastKnownFileType = sourcecode.c.h; path = "AKTeam+CoreDataProperties.h"; sourceTree = "<group>"; };
		84354D401D3F8C5D001DF034 /* AKTeam+CoreDataProperties.m */ = {isa = PBXFileReference; fileEncoding = 4; lastKnownFileType = sourcecode.c.objc; path = "AKTeam+CoreDataProperties.m"; sourceTree = "<group>"; };
		84354D411D3F8C5D001DF034 /* AKTeam.h */ = {isa = PBXFileReference; fileEncoding = 4; lastKnownFileType = sourcecode.c.h; path = AKTeam.h; sourceTree = "<group>"; };
		84354D421D3F8C5D001DF034 /* AKTeam.m */ = {isa = PBXFileReference; fileEncoding = 4; lastKnownFileType = sourcecode.c.objc; path = AKTeam.m; sourceTree = "<group>"; };
		843E0E921D3A5DAD00C733C2 /* AKTournamentViewCell.h */ = {isa = PBXFileReference; fileEncoding = 4; lastKnownFileType = sourcecode.c.h; path = AKTournamentViewCell.h; sourceTree = "<group>"; };
		843E0E931D3A5DAD00C733C2 /* AKTournamentViewCell.m */ = {isa = PBXFileReference; fileEncoding = 4; lastKnownFileType = sourcecode.c.objc; path = AKTournamentViewCell.m; sourceTree = "<group>"; };
		843E0E941D3A5DAD00C733C2 /* AKTournamentViewCell.xib */ = {isa = PBXFileReference; fileEncoding = 4; lastKnownFileType = file.xib; path = AKTournamentViewCell.xib; sourceTree = "<group>"; };
		843E0E981D3A5F9700C733C2 /* AKTournamentContext.h */ = {isa = PBXFileReference; fileEncoding = 4; lastKnownFileType = sourcecode.c.h; path = AKTournamentContext.h; sourceTree = "<group>"; };
		843E0E991D3A5F9700C733C2 /* AKTournamentContext.m */ = {isa = PBXFileReference; fileEncoding = 4; lastKnownFileType = sourcecode.c.objc; path = AKTournamentContext.m; sourceTree = "<group>"; };
		843E0E9D1D3B62D400C733C2 /* AKFootballConstants.h */ = {isa = PBXFileReference; lastKnownFileType = sourcecode.c.h; path = AKFootballConstants.h; sourceTree = "<group>"; };
		843E0E9F1D3CE28400C733C2 /* AKTabBarViewController.h */ = {isa = PBXFileReference; fileEncoding = 4; lastKnownFileType = sourcecode.c.h; path = AKTabBarViewController.h; sourceTree = "<group>"; };
		843E0EA01D3CE28400C733C2 /* AKTabBarViewController.m */ = {isa = PBXFileReference; fileEncoding = 4; lastKnownFileType = sourcecode.c.objc; path = AKTabBarViewController.m; sourceTree = "<group>"; };
		843E0EA41D3CE2B800C733C2 /* AKTabBarViewController.xib */ = {isa = PBXFileReference; fileEncoding = 4; lastKnownFileType = file.xib; path = AKTabBarViewController.xib; sourceTree = "<group>"; };
		843E0EA71D3CE31600C733C2 /* AKTabBarView.h */ = {isa = PBXFileReference; fileEncoding = 4; lastKnownFileType = sourcecode.c.h; path = AKTabBarView.h; sourceTree = "<group>"; };
		843E0EA81D3CE31600C733C2 /* AKTabBarView.m */ = {isa = PBXFileReference; fileEncoding = 4; lastKnownFileType = sourcecode.c.objc; name = AKTabBarView.m; path = AKTabBarVIew/AKTabBarView.m; sourceTree = "<group>"; };
		843E0EAB1D3D5AC800C733C2 /* UIView+AKCategory.h */ = {isa = PBXFileReference; fileEncoding = 4; lastKnownFileType = sourcecode.c.h; path = "UIView+AKCategory.h"; sourceTree = "<group>"; };
		843E0EAC1D3D5AC800C733C2 /* UIView+AKCategory.m */ = {isa = PBXFileReference; fileEncoding = 4; lastKnownFileType = sourcecode.c.objc; path = "UIView+AKCategory.m"; sourceTree = "<group>"; };
		8444DA891D364CAA005909BA /* AKMatchesViewCell.h */ = {isa = PBXFileReference; fileEncoding = 4; lastKnownFileType = sourcecode.c.h; path = AKMatchesViewCell.h; sourceTree = "<group>"; };
		8444DA8A1D364CAA005909BA /* AKMatchesViewCell.m */ = {isa = PBXFileReference; fileEncoding = 4; lastKnownFileType = sourcecode.c.objc; path = AKMatchesViewCell.m; sourceTree = "<group>"; };
		8444DA8B1D364CAA005909BA /* AKMatchesViewCell.xib */ = {isa = PBXFileReference; fileEncoding = 4; lastKnownFileType = file.xib; path = AKMatchesViewCell.xib; sourceTree = "<group>"; };
		8444DA8F1D3656EA005909BA /* AKMatchContext.h */ = {isa = PBXFileReference; fileEncoding = 4; lastKnownFileType = sourcecode.c.h; path = AKMatchContext.h; sourceTree = "<group>"; };
		8444DA901D3656EA005909BA /* AKMatchContext.m */ = {isa = PBXFileReference; fileEncoding = 4; lastKnownFileType = sourcecode.c.objc; path = AKMatchContext.m; sourceTree = "<group>"; };
		84BEC03A1D23D300008E43E5 /* AKFootball.app */ = {isa = PBXFileReference; explicitFileType = wrapper.application; includeInIndex = 0; path = AKFootball.app; sourceTree = BUILT_PRODUCTS_DIR; };
		84BEC0571D23DA60008E43E5 /* AKAlphabet.h */ = {isa = PBXFileReference; fileEncoding = 4; lastKnownFileType = sourcecode.c.h; path = AKAlphabet.h; sourceTree = "<group>"; };
		84BEC0581D23DA60008E43E5 /* AKAlphabet.m */ = {isa = PBXFileReference; fileEncoding = 4; lastKnownFileType = sourcecode.c.objc; path = AKAlphabet.m; sourceTree = "<group>"; };
		84BEC05A1D23DA60008E43E5 /* AKClusterAlphabet.h */ = {isa = PBXFileReference; fileEncoding = 4; lastKnownFileType = sourcecode.c.h; path = AKClusterAlphabet.h; sourceTree = "<group>"; };
		84BEC05B1D23DA60008E43E5 /* AKClusterAlphabet.m */ = {isa = PBXFileReference; fileEncoding = 4; lastKnownFileType = sourcecode.c.objc; path = AKClusterAlphabet.m; sourceTree = "<group>"; };
		84BEC05C1D23DA60008E43E5 /* AKRangeAlphabet.h */ = {isa = PBXFileReference; fileEncoding = 4; lastKnownFileType = sourcecode.c.h; path = AKRangeAlphabet.h; sourceTree = "<group>"; };
		84BEC05D1D23DA60008E43E5 /* AKRangeAlphabet.m */ = {isa = PBXFileReference; fileEncoding = 4; lastKnownFileType = sourcecode.c.objc; path = AKRangeAlphabet.m; sourceTree = "<group>"; };
		84BEC05E1D23DA60008E43E5 /* AKStringAlphabet.h */ = {isa = PBXFileReference; fileEncoding = 4; lastKnownFileType = sourcecode.c.h; path = AKStringAlphabet.h; sourceTree = "<group>"; };
		84BEC05F1D23DA60008E43E5 /* AKStringAlphabet.m */ = {isa = PBXFileReference; fileEncoding = 4; lastKnownFileType = sourcecode.c.objc; path = AKStringAlphabet.m; sourceTree = "<group>"; };
		84BEC0611D23DA60008E43E5 /* AKDispatch.h */ = {isa = PBXFileReference; fileEncoding = 4; lastKnownFileType = sourcecode.c.h; path = AKDispatch.h; sourceTree = "<group>"; };
		84BEC0621D23DA60008E43E5 /* AKDispatch.m */ = {isa = PBXFileReference; fileEncoding = 4; lastKnownFileType = sourcecode.c.objc; path = AKDispatch.m; sourceTree = "<group>"; };
		84BEC0641D23DA60008E43E5 /* AKObserver.h */ = {isa = PBXFileReference; fileEncoding = 4; lastKnownFileType = sourcecode.c.h; path = AKObserver.h; sourceTree = "<group>"; };
		84BEC0651D23DA60008E43E5 /* AKObserver.m */ = {isa = PBXFileReference; fileEncoding = 4; lastKnownFileType = sourcecode.c.objc; path = AKObserver.m; sourceTree = "<group>"; };
		84BEC0681D23DA60008E43E5 /* AKObserverArray.h */ = {isa = PBXFileReference; fileEncoding = 4; lastKnownFileType = sourcecode.c.h; path = AKObserverArray.h; sourceTree = "<group>"; };
		84BEC0691D23DA60008E43E5 /* AKObserverArray.m */ = {isa = PBXFileReference; fileEncoding = 4; lastKnownFileType = sourcecode.c.objc; path = AKObserverArray.m; sourceTree = "<group>"; };
		84BEC06B1D23DA60008E43E5 /* AKObserverDictionary.h */ = {isa = PBXFileReference; fileEncoding = 4; lastKnownFileType = sourcecode.c.h; path = AKObserverDictionary.h; sourceTree = "<group>"; };
		84BEC06C1D23DA60008E43E5 /* AKObserverDictionary.m */ = {isa = PBXFileReference; fileEncoding = 4; lastKnownFileType = sourcecode.c.objc; path = AKObserverDictionary.m; sourceTree = "<group>"; };
		84BEC06E1D23DA60008E43E5 /* AKObserverObject.h */ = {isa = PBXFileReference; fileEncoding = 4; lastKnownFileType = sourcecode.c.h; path = AKObserverObject.h; sourceTree = "<group>"; };
		84BEC06F1D23DA60008E43E5 /* AKObserverObject.m */ = {isa = PBXFileReference; fileEncoding = 4; lastKnownFileType = sourcecode.c.objc; path = AKObserverObject.m; sourceTree = "<group>"; };
		84BEC0721D23DA60008E43E5 /* CGGeometry+AKCategory.h */ = {isa = PBXFileReference; fileEncoding = 4; lastKnownFileType = sourcecode.c.h; path = "CGGeometry+AKCategory.h"; sourceTree = "<group>"; };
		84BEC0731D23DA60008E43E5 /* CGGeometry+AKCategory.m */ = {isa = PBXFileReference; fileEncoding = 4; lastKnownFileType = sourcecode.c.objc; path = "CGGeometry+AKCategory.m"; sourceTree = "<group>"; };
		84BEC0751D23DA60008E43E5 /* NSBundle+AKCategory.h */ = {isa = PBXFileReference; fileEncoding = 4; lastKnownFileType = sourcecode.c.h; path = "NSBundle+AKCategory.h"; sourceTree = "<group>"; };
		84BEC0761D23DA60008E43E5 /* NSBundle+AKCategory.m */ = {isa = PBXFileReference; fileEncoding = 4; lastKnownFileType = sourcecode.c.objc; path = "NSBundle+AKCategory.m"; sourceTree = "<group>"; };
		84BEC0781D23DA60008E43E5 /* NSFileManager+AKCategory.h */ = {isa = PBXFileReference; fileEncoding = 4; lastKnownFileType = sourcecode.c.h; path = "NSFileManager+AKCategory.h"; sourceTree = "<group>"; };
		84BEC0791D23DA60008E43E5 /* NSFileManager+AKCategory.m */ = {isa = PBXFileReference; fileEncoding = 4; lastKnownFileType = sourcecode.c.objc; path = "NSFileManager+AKCategory.m"; sourceTree = "<group>"; };
		84BEC07B1D23DA60008E43E5 /* NSObject+AKExtensions.h */ = {isa = PBXFileReference; fileEncoding = 4; lastKnownFileType = sourcecode.c.h; path = "NSObject+AKExtensions.h"; sourceTree = "<group>"; };
		84BEC07C1D23DA60008E43E5 /* NSObject+AKExtensions.m */ = {isa = PBXFileReference; fileEncoding = 4; lastKnownFileType = sourcecode.c.objc; path = "NSObject+AKExtensions.m"; sourceTree = "<group>"; };
		84BEC07E1D23DA60008E43E5 /* NSString+AKExtensions.h */ = {isa = PBXFileReference; fileEncoding = 4; lastKnownFileType = sourcecode.c.h; path = "NSString+AKExtensions.h"; sourceTree = "<group>"; };
		84BEC07F1D23DA60008E43E5 /* NSString+AKExtensions.m */ = {isa = PBXFileReference; fileEncoding = 4; lastKnownFileType = sourcecode.c.objc; path = "NSString+AKExtensions.m"; sourceTree = "<group>"; };
		84BEC0811D23DA60008E43E5 /* UICollectionView+AKCategory.h */ = {isa = PBXFileReference; fileEncoding = 4; lastKnownFileType = sourcecode.c.h; path = "UICollectionView+AKCategory.h"; sourceTree = "<group>"; };
		84BEC0821D23DA60008E43E5 /* UICollectionView+AKCategory.m */ = {isa = PBXFileReference; fileEncoding = 4; lastKnownFileType = sourcecode.c.objc; path = "UICollectionView+AKCategory.m"; sourceTree = "<group>"; };
		84BEC0841D23DA60008E43E5 /* UINavigationController+AKCategory.h */ = {isa = PBXFileReference; fileEncoding = 4; lastKnownFileType = sourcecode.c.h; path = "UINavigationController+AKCategory.h"; sourceTree = "<group>"; };
		84BEC0851D23DA60008E43E5 /* UINavigationController+AKCategory.m */ = {isa = PBXFileReference; fileEncoding = 4; lastKnownFileType = sourcecode.c.objc; path = "UINavigationController+AKCategory.m"; sourceTree = "<group>"; };
		84BEC0871D23DA60008E43E5 /* UINib+AKCategory.h */ = {isa = PBXFileReference; fileEncoding = 4; lastKnownFileType = sourcecode.c.h; path = "UINib+AKCategory.h"; sourceTree = "<group>"; };
		84BEC0881D23DA60008E43E5 /* UINib+AKCategory.m */ = {isa = PBXFileReference; fileEncoding = 4; lastKnownFileType = sourcecode.c.objc; path = "UINib+AKCategory.m"; sourceTree = "<group>"; };
		84BEC08A1D23DA60008E43E5 /* UITableView+AKCategory.h */ = {isa = PBXFileReference; fileEncoding = 4; lastKnownFileType = sourcecode.c.h; path = "UITableView+AKCategory.h"; sourceTree = "<group>"; };
		84BEC08B1D23DA60008E43E5 /* UITableView+AKCategory.m */ = {isa = PBXFileReference; fileEncoding = 4; lastKnownFileType = sourcecode.c.objc; path = "UITableView+AKCategory.m"; sourceTree = "<group>"; };
		84BEC08D1D23DA60008E43E5 /* UIViewController+AKCategory.h */ = {isa = PBXFileReference; fileEncoding = 4; lastKnownFileType = sourcecode.c.h; path = "UIViewController+AKCategory.h"; sourceTree = "<group>"; };
		84BEC08E1D23DA60008E43E5 /* UIViewController+AKCategory.m */ = {isa = PBXFileReference; fileEncoding = 4; lastKnownFileType = sourcecode.c.objc; path = "UIViewController+AKCategory.m"; sourceTree = "<group>"; };
		84BEC0901D23DA60008E43E5 /* UIWindow+AKCategory.h */ = {isa = PBXFileReference; fileEncoding = 4; lastKnownFileType = sourcecode.c.h; path = "UIWindow+AKCategory.h"; sourceTree = "<group>"; };
		84BEC0911D23DA60008E43E5 /* UIWindow+AKCategory.m */ = {isa = PBXFileReference; fileEncoding = 4; lastKnownFileType = sourcecode.c.objc; path = "UIWindow+AKCategory.m"; sourceTree = "<group>"; };
		84BEC0931D23DA60008E43E5 /* AKMacroIOS.h */ = {isa = PBXFileReference; fileEncoding = 4; lastKnownFileType = sourcecode.c.h; path = AKMacroIOS.h; sourceTree = "<group>"; };
		84BEC0941D23DA60008E43E5 /* AKMacroObjC.h */ = {isa = PBXFileReference; fileEncoding = 4; lastKnownFileType = sourcecode.c.h; path = AKMacroObjC.h; sourceTree = "<group>"; };
		84BEC0971D23DA60008E43E5 /* AKArrayModel.h */ = {isa = PBXFileReference; fileEncoding = 4; lastKnownFileType = sourcecode.c.h; path = AKArrayModel.h; sourceTree = "<group>"; };
		84BEC0981D23DA60008E43E5 /* AKArrayModel.m */ = {isa = PBXFileReference; fileEncoding = 4; lastKnownFileType = sourcecode.c.objc; path = AKArrayModel.m; sourceTree = "<group>"; };
		84BEC09A1D23DA60008E43E5 /* AKArrayManager.h */ = {isa = PBXFileReference; fileEncoding = 4; lastKnownFileType = sourcecode.c.h; path = AKArrayManager.h; sourceTree = "<group>"; };
		84BEC09B1D23DA60008E43E5 /* AKArrayManager.m */ = {isa = PBXFileReference; fileEncoding = 4; lastKnownFileType = sourcecode.c.objc; path = AKArrayManager.m; sourceTree = "<group>"; };
		84BEC09D1D23DA60008E43E5 /* AKModel.h */ = {isa = PBXFileReference; fileEncoding = 4; lastKnownFileType = sourcecode.c.h; path = AKModel.h; sourceTree = "<group>"; };
		84BEC09E1D23DA60008E43E5 /* AKModel.m */ = {isa = PBXFileReference; fileEncoding = 4; lastKnownFileType = sourcecode.c.objc; path = AKModel.m; sourceTree = "<group>"; };
		84BEC0A01D23DA60008E43E5 /* AKSharedCacheModel.h */ = {isa = PBXFileReference; fileEncoding = 4; lastKnownFileType = sourcecode.c.h; path = AKSharedCacheModel.h; sourceTree = "<group>"; };
		84BEC0A11D23DA60008E43E5 /* AKSharedCacheModel.m */ = {isa = PBXFileReference; fileEncoding = 4; lastKnownFileType = sourcecode.c.objc; path = AKSharedCacheModel.m; sourceTree = "<group>"; };
		84BEC0A31D23DA60008E43E5 /* AKStateModel.h */ = {isa = PBXFileReference; fileEncoding = 4; lastKnownFileType = sourcecode.c.h; path = AKStateModel.h; sourceTree = "<group>"; };
		84BEC0A41D23DA60008E43E5 /* AKStateModel.m */ = {isa = PBXFileReference; fileEncoding = 4; lastKnownFileType = sourcecode.c.objc; path = AKStateModel.m; sourceTree = "<group>"; };
		84BEC0A61D23DA60008E43E5 /* AKStringModel.h */ = {isa = PBXFileReference; fileEncoding = 4; lastKnownFileType = sourcecode.c.h; path = AKStringModel.h; sourceTree = "<group>"; };
		84BEC0A71D23DA60008E43E5 /* AKStringModel.m */ = {isa = PBXFileReference; fileEncoding = 4; lastKnownFileType = sourcecode.c.objc; path = AKStringModel.m; sourceTree = "<group>"; };
		84BEC0AB1D23DA60008E43E5 /* AKImageModel.h */ = {isa = PBXFileReference; fileEncoding = 4; lastKnownFileType = sourcecode.c.h; path = AKImageModel.h; sourceTree = "<group>"; };
		84BEC0AC1D23DA60008E43E5 /* AKImageModel.m */ = {isa = PBXFileReference; fileEncoding = 4; lastKnownFileType = sourcecode.c.objc; path = AKImageModel.m; sourceTree = "<group>"; };
		84BEC0AD1D23DA60008E43E5 /* AKImageView.h */ = {isa = PBXFileReference; fileEncoding = 4; lastKnownFileType = sourcecode.c.h; path = AKImageView.h; sourceTree = "<group>"; };
		84BEC0AE1D23DA60008E43E5 /* AKImageView.m */ = {isa = PBXFileReference; fileEncoding = 4; lastKnownFileType = sourcecode.c.objc; path = AKImageView.m; sourceTree = "<group>"; };
		84BEC0B01D23DA60008E43E5 /* AKUserViewCell.h */ = {isa = PBXFileReference; fileEncoding = 4; lastKnownFileType = sourcecode.c.h; path = AKUserViewCell.h; sourceTree = "<group>"; };
		84BEC0B11D23DA60008E43E5 /* AKUserViewCell.m */ = {isa = PBXFileReference; fileEncoding = 4; lastKnownFileType = sourcecode.c.objc; path = AKUserViewCell.m; sourceTree = "<group>"; };
		84BEC0B21D23DA60008E43E5 /* AKUserViewCell.xib */ = {isa = PBXFileReference; fileEncoding = 4; lastKnownFileType = file.xib; path = AKUserViewCell.xib; sourceTree = "<group>"; };
		84BEC0B51D23DA60008E43E5 /* AKUserView.h */ = {isa = PBXFileReference; fileEncoding = 4; lastKnownFileType = sourcecode.c.h; path = AKUserView.h; sourceTree = "<group>"; };
		84BEC0B61D23DA60008E43E5 /* AKUserView.m */ = {isa = PBXFileReference; fileEncoding = 4; lastKnownFileType = sourcecode.c.objc; path = AKUserView.m; sourceTree = "<group>"; };
		84BEC0B71D23DA60008E43E5 /* AKUserViewController.h */ = {isa = PBXFileReference; fileEncoding = 4; lastKnownFileType = sourcecode.c.h; path = AKUserViewController.h; sourceTree = "<group>"; };
		84BEC0B81D23DA60008E43E5 /* AKUserViewController.m */ = {isa = PBXFileReference; fileEncoding = 4; lastKnownFileType = sourcecode.c.objc; path = AKUserViewController.m; sourceTree = "<group>"; };
		84BEC0B91D23DA60008E43E5 /* AKUserViewController.xib */ = {isa = PBXFileReference; fileEncoding = 4; lastKnownFileType = file.xib; path = AKUserViewController.xib; sourceTree = "<group>"; };
		84BEC0BC1D23DA60008E43E5 /* AKLoadingView.h */ = {isa = PBXFileReference; fileEncoding = 4; lastKnownFileType = sourcecode.c.h; path = AKLoadingView.h; sourceTree = "<group>"; };
		84BEC0BD1D23DA60008E43E5 /* AKLoadingView.m */ = {isa = PBXFileReference; fileEncoding = 4; lastKnownFileType = sourcecode.c.objc; path = AKLoadingView.m; sourceTree = "<group>"; };
		84BEC0BE1D23DA60008E43E5 /* AKLoadingView.xib */ = {isa = PBXFileReference; fileEncoding = 4; lastKnownFileType = file.xib; path = AKLoadingView.xib; sourceTree = "<group>"; };
		84BEC0BF1D23DA60008E43E5 /* AKView.h */ = {isa = PBXFileReference; fileEncoding = 4; lastKnownFileType = sourcecode.c.h; path = AKView.h; sourceTree = "<group>"; };
		84BEC0C01D23DA60008E43E5 /* AKView.m */ = {isa = PBXFileReference; fileEncoding = 4; lastKnownFileType = sourcecode.c.objc; path = AKView.m; sourceTree = "<group>"; };
		84BEC0C81D23DA60008E43E5 /* Assets.xcassets */ = {isa = PBXFileReference; lastKnownFileType = folder.assetcatalog; path = Assets.xcassets; sourceTree = "<group>"; };
		84BEC0CA1D23DA60008E43E5 /* Base */ = {isa = PBXFileReference; lastKnownFileType = file.storyboard; name = Base; path = Base.lproj/LaunchScreen.storyboard; sourceTree = "<group>"; };
		84BEC0CC1D23DA60008E43E5 /* Base */ = {isa = PBXFileReference; lastKnownFileType = file.storyboard; name = Base; path = Base.lproj/Main.storyboard; sourceTree = "<group>"; };
		84BEC0CD1D23DA60008E43E5 /* Info.plist */ = {isa = PBXFileReference; fileEncoding = 4; lastKnownFileType = text.plist.xml; path = Info.plist; sourceTree = "<group>"; };
		84BEC0CE1D23DA60008E43E5 /* main.m */ = {isa = PBXFileReference; fileEncoding = 4; lastKnownFileType = sourcecode.c.objc; path = main.m; sourceTree = "<group>"; };
		84BEC0FB1D23DA7D008E43E5 /* AppDelegate.h */ = {isa = PBXFileReference; fileEncoding = 4; lastKnownFileType = sourcecode.c.h; path = AppDelegate.h; sourceTree = "<group>"; };
		84BEC0FC1D23DA7D008E43E5 /* AppDelegate.m */ = {isa = PBXFileReference; fileEncoding = 4; lastKnownFileType = sourcecode.c.objc; path = AppDelegate.m; sourceTree = "<group>"; };
		84BEC0FF1D23DBA8008E43E5 /* AKFootballProjectPrefix.pch */ = {isa = PBXFileReference; fileEncoding = 4; lastKnownFileType = sourcecode.c.h; path = AKFootballProjectPrefix.pch; sourceTree = "<group>"; };
		84E0A7551D2473EE00B86C93 /* AKLeaguesViewController.h */ = {isa = PBXFileReference; fileEncoding = 4; lastKnownFileType = sourcecode.c.h; path = AKLeaguesViewController.h; sourceTree = "<group>"; };
		84E0A7561D2473EE00B86C93 /* AKLeaguesViewController.m */ = {isa = PBXFileReference; fileEncoding = 4; lastKnownFileType = sourcecode.c.objc; path = AKLeaguesViewController.m; sourceTree = "<group>"; };
		84E0A7571D2473EE00B86C93 /* AKLeaguesViewController.xib */ = {isa = PBXFileReference; fileEncoding = 4; lastKnownFileType = file.xib; path = AKLeaguesViewController.xib; sourceTree = "<group>"; };
		84E0A75B1D2528E900B86C93 /* AKCustomViewController.h */ = {isa = PBXFileReference; fileEncoding = 4; lastKnownFileType = sourcecode.c.h; path = AKCustomViewController.h; sourceTree = "<group>"; };
		84E0A75C1D2528E900B86C93 /* AKCustomViewController.m */ = {isa = PBXFileReference; fileEncoding = 4; lastKnownFileType = sourcecode.c.objc; path = AKCustomViewController.m; sourceTree = "<group>"; };
		84E0A75F1D252B0100B86C93 /* UIBarButtonItem+AKCategory.h */ = {isa = PBXFileReference; fileEncoding = 4; lastKnownFileType = sourcecode.c.h; path = "UIBarButtonItem+AKCategory.h"; sourceTree = "<group>"; };
		84E0A7601D252B0100B86C93 /* UIBarButtonItem+AKCategory.m */ = {isa = PBXFileReference; fileEncoding = 4; lastKnownFileType = sourcecode.c.objc; path = "UIBarButtonItem+AKCategory.m"; sourceTree = "<group>"; };
		84E0A7631D25416200B86C93 /* AKLeaguesView.h */ = {isa = PBXFileReference; fileEncoding = 4; lastKnownFileType = sourcecode.c.h; path = AKLeaguesView.h; sourceTree = "<group>"; };
		84E0A7641D25416200B86C93 /* AKLeaguesView.m */ = {isa = PBXFileReference; fileEncoding = 4; lastKnownFileType = sourcecode.c.objc; path = AKLeaguesView.m; sourceTree = "<group>"; };
		84E0A7671D254C9400B86C93 /* AKLeaguesViewCell.h */ = {isa = PBXFileReference; fileEncoding = 4; lastKnownFileType = sourcecode.c.h; path = AKLeaguesViewCell.h; sourceTree = "<group>"; };
		84E0A7681D254C9400B86C93 /* AKLeaguesViewCell.m */ = {isa = PBXFileReference; fileEncoding = 4; lastKnownFileType = sourcecode.c.objc; path = AKLeaguesViewCell.m; sourceTree = "<group>"; };
		84E0A7691D254C9400B86C93 /* AKLeaguesViewCell.xib */ = {isa = PBXFileReference; fileEncoding = 4; lastKnownFileType = file.xib; path = AKLeaguesViewCell.xib; sourceTree = "<group>"; };
		84E0A76E1D26949700B86C93 /* AKTeamsViewController.h */ = {isa = PBXFileReference; fileEncoding = 4; lastKnownFileType = sourcecode.c.h; path = AKTeamsViewController.h; sourceTree = "<group>"; };
		84E0A76F1D26949700B86C93 /* AKTeamsViewController.m */ = {isa = PBXFileReference; fileEncoding = 4; lastKnownFileType = sourcecode.c.objc; path = AKTeamsViewController.m; sourceTree = "<group>"; };
		84E0A7701D26949700B86C93 /* AKTeamsViewController.xib */ = {isa = PBXFileReference; fileEncoding = 4; lastKnownFileType = file.xib; path = AKTeamsViewController.xib; sourceTree = "<group>"; };
		84E0A7741D26957000B86C93 /* AKTeamsView.h */ = {isa = PBXFileReference; fileEncoding = 4; lastKnownFileType = sourcecode.c.h; path = AKTeamsView.h; sourceTree = "<group>"; };
		84E0A7751D26957000B86C93 /* AKTeamsView.m */ = {isa = PBXFileReference; fileEncoding = 4; lastKnownFileType = sourcecode.c.objc; path = AKTeamsView.m; sourceTree = "<group>"; };
		84E0A7781D2697B600B86C93 /* AKMatchesViewController.h */ = {isa = PBXFileReference; fileEncoding = 4; lastKnownFileType = sourcecode.c.h; path = AKMatchesViewController.h; sourceTree = "<group>"; };
		84E0A7791D2697B600B86C93 /* AKMatchesViewController.m */ = {isa = PBXFileReference; fileEncoding = 4; lastKnownFileType = sourcecode.c.objc; path = AKMatchesViewController.m; sourceTree = "<group>"; };
		84E0A77A1D2697B600B86C93 /* AKMatchesViewController.xib */ = {isa = PBXFileReference; fileEncoding = 4; lastKnownFileType = file.xib; path = AKMatchesViewController.xib; sourceTree = "<group>"; };
		84E0A77E1D2697DA00B86C93 /* AKMatchesView.h */ = {isa = PBXFileReference; fileEncoding = 4; lastKnownFileType = sourcecode.c.h; path = AKMatchesView.h; sourceTree = "<group>"; };
		84E0A77F1D2697DA00B86C93 /* AKMatchesView.m */ = {isa = PBXFileReference; fileEncoding = 4; lastKnownFileType = sourcecode.c.objc; path = AKMatchesView.m; sourceTree = "<group>"; };
		84E0A7821D26995100B86C93 /* AKTournamentViewController.h */ = {isa = PBXFileReference; fileEncoding = 4; lastKnownFileType = sourcecode.c.h; path = AKTournamentViewController.h; sourceTree = "<group>"; };
		84E0A7831D26995100B86C93 /* AKTournamentViewController.m */ = {isa = PBXFileReference; fileEncoding = 4; lastKnownFileType = sourcecode.c.objc; path = AKTournamentViewController.m; sourceTree = "<group>"; };
		84E0A7841D26995100B86C93 /* AKTournamentViewController.xib */ = {isa = PBXFileReference; fileEncoding = 4; lastKnownFileType = file.xib; path = AKTournamentViewController.xib; sourceTree = "<group>"; };
		84E0A7881D26997100B86C93 /* AKTournamentView.h */ = {isa = PBXFileReference; fileEncoding = 4; lastKnownFileType = sourcecode.c.h; path = AKTournamentView.h; sourceTree = "<group>"; };
		84E0A7891D26997100B86C93 /* AKTournamentView.m */ = {isa = PBXFileReference; fileEncoding = 4; lastKnownFileType = sourcecode.c.objc; path = AKTournamentView.m; sourceTree = "<group>"; };
		84E277F21D24363B00F14BBD /* AKSeasonsView.h */ = {isa = PBXFileReference; fileEncoding = 4; lastKnownFileType = sourcecode.c.h; path = AKSeasonsView.h; sourceTree = "<group>"; };
		84E277F31D24363B00F14BBD /* AKSeasonsView.m */ = {isa = PBXFileReference; fileEncoding = 4; lastKnownFileType = sourcecode.c.objc; path = AKSeasonsView.m; sourceTree = "<group>"; };
		84E277F41D24363B00F14BBD /* AKSeasonsViewController.h */ = {isa = PBXFileReference; fileEncoding = 4; lastKnownFileType = sourcecode.c.h; path = AKSeasonsViewController.h; sourceTree = "<group>"; };
		84E277F51D24363B00F14BBD /* AKSeasonsViewController.m */ = {isa = PBXFileReference; fileEncoding = 4; lastKnownFileType = sourcecode.c.objc; path = AKSeasonsViewController.m; sourceTree = "<group>"; };
		84E277F61D24363B00F14BBD /* AKSeasonsViewController.xib */ = {isa = PBXFileReference; fileEncoding = 4; lastKnownFileType = file.xib; path = AKSeasonsViewController.xib; sourceTree = "<group>"; };
		84E277F81D24363B00F14BBD /* AKSeasonsViewCell.h */ = {isa = PBXFileReference; fileEncoding = 4; lastKnownFileType = sourcecode.c.h; path = AKSeasonsViewCell.h; sourceTree = "<group>"; };
		84E277F91D24363B00F14BBD /* AKSeasonsViewCell.m */ = {isa = PBXFileReference; fileEncoding = 4; lastKnownFileType = sourcecode.c.objc; path = AKSeasonsViewCell.m; sourceTree = "<group>"; };
		84E277FA1D24363B00F14BBD /* AKSeasonsViewCell.xib */ = {isa = PBXFileReference; fileEncoding = 4; lastKnownFileType = file.xib; path = AKSeasonsViewCell.xib; sourceTree = "<group>"; };
		84F0F3BB1D33D402002A8A94 /* AKLeaguesContext.h */ = {isa = PBXFileReference; fileEncoding = 4; lastKnownFileType = sourcecode.c.h; path = AKLeaguesContext.h; sourceTree = "<group>"; };
		84F0F3BC1D33D402002A8A94 /* AKLeaguesContext.m */ = {isa = PBXFileReference; fileEncoding = 4; lastKnownFileType = sourcecode.c.objc; path = AKLeaguesContext.m; sourceTree = "<group>"; };
		84F0F3BF1D33D60B002A8A94 /* AKTeamsViewCell.h */ = {isa = PBXFileReference; fileEncoding = 4; lastKnownFileType = sourcecode.c.h; path = AKTeamsViewCell.h; sourceTree = "<group>"; };
		84F0F3C01D33D60B002A8A94 /* AKTeamsViewCell.m */ = {isa = PBXFileReference; fileEncoding = 4; lastKnownFileType = sourcecode.c.objc; path = AKTeamsViewCell.m; sourceTree = "<group>"; };
		84F0F3C11D33D60B002A8A94 /* AKTeamsViewCell.xib */ = {isa = PBXFileReference; fileEncoding = 4; lastKnownFileType = file.xib; path = AKTeamsViewCell.xib; sourceTree = "<group>"; };
		84F0F3CB1D3406BB002A8A94 /* AKTeamContext.h */ = {isa = PBXFileReference; fileEncoding = 4; lastKnownFileType = sourcecode.c.h; path = AKTeamContext.h; sourceTree = "<group>"; };
		84F0F3CC1D3406BB002A8A94 /* AKTeamContext.m */ = {isa = PBXFileReference; fileEncoding = 4; lastKnownFileType = sourcecode.c.objc; path = AKTeamContext.m; sourceTree = "<group>"; };
		A8F10CC3C65573CD46A07B05 /* Pods-AKFootball.release.xcconfig */ = {isa = PBXFileReference; includeInIndex = 1; lastKnownFileType = text.xcconfig; name = "Pods-AKFootball.release.xcconfig"; path = "Pods/Target Support Files/Pods-AKFootball/Pods-AKFootball.release.xcconfig"; sourceTree = "<group>"; };
		B72AC836A2541D7B05226C64 /* libPods-AKFootball.a */ = {isa = PBXFileReference; explicitFileType = archive.ar; includeInIndex = 0; path = "libPods-AKFootball.a"; sourceTree = BUILT_PRODUCTS_DIR; };
/* End PBXFileReference section */

/* Begin PBXFrameworksBuildPhase section */
		84BEC0371D23D300008E43E5 /* Frameworks */ = {
			isa = PBXFrameworksBuildPhase;
			buildActionMask = 2147483647;
			files = (
				4E4A13F179BBA67B103596BB /* libPods-AKFootball.a in Frameworks */,
			);
			runOnlyForDeploymentPostprocessing = 0;
		};
/* End PBXFrameworksBuildPhase section */

/* Begin PBXGroup section */
		5A407A817F3F9C77A44C4575 /* Pods */ = {
			isa = PBXGroup;
			children = (
				031C4257E0310E7DB1AB3400 /* Pods-AKFootball.debug.xcconfig */,
				A8F10CC3C65573CD46A07B05 /* Pods-AKFootball.release.xcconfig */,
			);
			name = Pods;
			sourceTree = "<group>";
		};
		843215811D2DAA0D00DF9FA3 /* AKContext */ = {
			isa = PBXGroup;
			children = (
				843215821D2DAA2100DF9FA3 /* AKContext.h */,
				843215831D2DAA2100DF9FA3 /* AKContext.m */,
			);
			path = AKContext;
			sourceTree = "<group>";
		};
		8432158D1D2E5AC800DF9FA3 /* Models */ = {
			isa = PBXGroup;
			children = (
				84354D291D3F8C5D001DF034 /* AKCoreData */,
			);
			path = Models;
			sourceTree = "<group>";
		};
		84354D291D3F8C5D001DF034 /* AKCoreData */ = {
			isa = PBXGroup;
			children = (
				84354D2A1D3F8C5D001DF034 /* AKFootball.xcdatamodeld */,
				84354D2C1D3F8C5D001DF034 /* AKLeague */,
				84354D311D3F8C5D001DF034 /* AKManagedObject */,
				84354D341D3F8C5D001DF034 /* AKMatch */,
				84354D391D3F8C5D001DF034 /* AKSeason */,
				84354D3E1D3F8C5D001DF034 /* AKTeam */,
			);
			path = AKCoreData;
			sourceTree = "<group>";
		};
		84354D2C1D3F8C5D001DF034 /* AKLeague */ = {
			isa = PBXGroup;
			children = (
				84354D2D1D3F8C5D001DF034 /* AKLeague+CoreDataProperties.h */,
				84354D2E1D3F8C5D001DF034 /* AKLeague+CoreDataProperties.m */,
				84354D2F1D3F8C5D001DF034 /* AKLeague.h */,
				84354D301D3F8C5D001DF034 /* AKLeague.m */,
			);
			path = AKLeague;
			sourceTree = "<group>";
		};
		84354D311D3F8C5D001DF034 /* AKManagedObject */ = {
			isa = PBXGroup;
			children = (
				84354D321D3F8C5D001DF034 /* AKManagedObject.h */,
				84354D331D3F8C5D001DF034 /* AKManagedObject.m */,
			);
			path = AKManagedObject;
			sourceTree = "<group>";
		};
		84354D341D3F8C5D001DF034 /* AKMatch */ = {
			isa = PBXGroup;
			children = (
				84354D351D3F8C5D001DF034 /* AKMatch+CoreDataProperties.h */,
				84354D361D3F8C5D001DF034 /* AKMatch+CoreDataProperties.m */,
				84354D371D3F8C5D001DF034 /* AKMatch.h */,
				84354D381D3F8C5D001DF034 /* AKMatch.m */,
			);
			path = AKMatch;
			sourceTree = "<group>";
		};
		84354D391D3F8C5D001DF034 /* AKSeason */ = {
			isa = PBXGroup;
			children = (
				84354D3A1D3F8C5D001DF034 /* AKSeason+CoreDataProperties.h */,
				84354D3B1D3F8C5D001DF034 /* AKSeason+CoreDataProperties.m */,
				84354D3C1D3F8C5D001DF034 /* AKSeason.h */,
				84354D3D1D3F8C5D001DF034 /* AKSeason.m */,
			);
			path = AKSeason;
			sourceTree = "<group>";
		};
		84354D3E1D3F8C5D001DF034 /* AKTeam */ = {
			isa = PBXGroup;
			children = (
				84354D3F1D3F8C5D001DF034 /* AKTeam+CoreDataProperties.h */,
				84354D401D3F8C5D001DF034 /* AKTeam+CoreDataProperties.m */,
				84354D411D3F8C5D001DF034 /* AKTeam.h */,
				84354D421D3F8C5D001DF034 /* AKTeam.m */,
			);
			path = AKTeam;
			sourceTree = "<group>";
		};
		843E0E911D3A5D8800C733C2 /* AKTournamentViewCell */ = {
			isa = PBXGroup;
			children = (
				843E0E921D3A5DAD00C733C2 /* AKTournamentViewCell.h */,
				843E0E931D3A5DAD00C733C2 /* AKTournamentViewCell.m */,
				843E0E941D3A5DAD00C733C2 /* AKTournamentViewCell.xib */,
			);
			path = AKTournamentViewCell;
			sourceTree = "<group>";
		};
		843E0E971D3A5F3A00C733C2 /* AKTournamentContext */ = {
			isa = PBXGroup;
			children = (
				843E0E981D3A5F9700C733C2 /* AKTournamentContext.h */,
				843E0E991D3A5F9700C733C2 /* AKTournamentContext.m */,
			);
			path = AKTournamentContext;
			sourceTree = "<group>";
		};
		843E0E9E1D3CE24600C733C2 /* AKTabBarViewController */ = {
			isa = PBXGroup;
			children = (
				843E0EA61D3CE2D200C733C2 /* AKTabBarVIew */,
				843E0E9F1D3CE28400C733C2 /* AKTabBarViewController.h */,
				843E0EA81D3CE31600C733C2 /* AKTabBarView.m */,
				843E0EA01D3CE28400C733C2 /* AKTabBarViewController.m */,
				843E0EA41D3CE2B800C733C2 /* AKTabBarViewController.xib */,
			);
			path = AKTabBarViewController;
			sourceTree = "<group>";
		};
		843E0EA61D3CE2D200C733C2 /* AKTabBarVIew */ = {
			isa = PBXGroup;
			children = (
				843E0EA71D3CE31600C733C2 /* AKTabBarView.h */,
			);
			path = AKTabBarVIew;
			sourceTree = "<group>";
		};
		843E0EAA1D3D5A6000C733C2 /* UIView+AKCategory */ = {
			isa = PBXGroup;
			children = (
				843E0EAB1D3D5AC800C733C2 /* UIView+AKCategory.h */,
				843E0EAC1D3D5AC800C733C2 /* UIView+AKCategory.m */,
			);
			name = "UIView+AKCategory";
			sourceTree = "<group>";
		};
		8444DA881D364C80005909BA /* AKMatchesViewCell */ = {
			isa = PBXGroup;
			children = (
				8444DA891D364CAA005909BA /* AKMatchesViewCell.h */,
				8444DA8A1D364CAA005909BA /* AKMatchesViewCell.m */,
				8444DA8B1D364CAA005909BA /* AKMatchesViewCell.xib */,
			);
			path = AKMatchesViewCell;
			sourceTree = "<group>";
		};
		8444DA8E1D3656D5005909BA /* AKMatchContext */ = {
			isa = PBXGroup;
			children = (
				8444DA8F1D3656EA005909BA /* AKMatchContext.h */,
				8444DA901D3656EA005909BA /* AKMatchContext.m */,
			);
			path = AKMatchContext;
			sourceTree = "<group>";
		};
		84BEC0311D23D300008E43E5 = {
			isa = PBXGroup;
			children = (
				84BEC0541D23DA60008E43E5 /* AKFootball */,
				84BEC03B1D23D300008E43E5 /* Products */,
				5A407A817F3F9C77A44C4575 /* Pods */,
				E9D230563178911E60355775 /* Frameworks */,
			);
			sourceTree = "<group>";
		};
		84BEC03B1D23D300008E43E5 /* Products */ = {
			isa = PBXGroup;
			children = (
				84BEC03A1D23D300008E43E5 /* AKFootball.app */,
			);
			name = Products;
			sourceTree = "<group>";
		};
		84BEC0541D23DA60008E43E5 /* AKFootball */ = {
			isa = PBXGroup;
			children = (
				84BEC0551D23DA60008E43E5 /* Library */,
				84BEC0C11D23DA60008E43E5 /* Source */,
				84BEC0C41D23DA60008E43E5 /* SupportingFiles */,
			);
			path = AKFootball;
			sourceTree = "<group>";
		};
		84BEC0551D23DA60008E43E5 /* Library */ = {
			isa = PBXGroup;
			children = (
				84BEC0561D23DA60008E43E5 /* AKAlphabet */,
				84BEC0601D23DA60008E43E5 /* AKDispatch */,
				84BEC0631D23DA60008E43E5 /* AKObserver */,
				84BEC0701D23DA60008E43E5 /* Extentions */,
				84BEC0921D23DA60008E43E5 /* Macro */,
				84BEC0951D23DA60008E43E5 /* Models */,
				84BEC0A81D23DA60008E43E5 /* UI */,
			);
			path = Library;
			sourceTree = "<group>";
		};
		84BEC0561D23DA60008E43E5 /* AKAlphabet */ = {
			isa = PBXGroup;
			children = (
				84BEC0571D23DA60008E43E5 /* AKAlphabet.h */,
				84BEC0581D23DA60008E43E5 /* AKAlphabet.m */,
				84BEC0591D23DA60008E43E5 /* Private */,
			);
			path = AKAlphabet;
			sourceTree = "<group>";
		};
		84BEC0591D23DA60008E43E5 /* Private */ = {
			isa = PBXGroup;
			children = (
				84BEC05A1D23DA60008E43E5 /* AKClusterAlphabet.h */,
				84BEC05B1D23DA60008E43E5 /* AKClusterAlphabet.m */,
				84BEC05C1D23DA60008E43E5 /* AKRangeAlphabet.h */,
				84BEC05D1D23DA60008E43E5 /* AKRangeAlphabet.m */,
				84BEC05E1D23DA60008E43E5 /* AKStringAlphabet.h */,
				84BEC05F1D23DA60008E43E5 /* AKStringAlphabet.m */,
			);
			path = Private;
			sourceTree = "<group>";
		};
		84BEC0601D23DA60008E43E5 /* AKDispatch */ = {
			isa = PBXGroup;
			children = (
				84BEC0611D23DA60008E43E5 /* AKDispatch.h */,
				84BEC0621D23DA60008E43E5 /* AKDispatch.m */,
			);
			path = AKDispatch;
			sourceTree = "<group>";
		};
		84BEC0631D23DA60008E43E5 /* AKObserver */ = {
			isa = PBXGroup;
			children = (
				84BEC0641D23DA60008E43E5 /* AKObserver.h */,
				84BEC0651D23DA60008E43E5 /* AKObserver.m */,
				84BEC0661D23DA60008E43E5 /* Private */,
			);
			path = AKObserver;
			sourceTree = "<group>";
		};
		84BEC0661D23DA60008E43E5 /* Private */ = {
			isa = PBXGroup;
			children = (
				84BEC0671D23DA60008E43E5 /* AKObserverArray */,
				84BEC06A1D23DA60008E43E5 /* AKObserverDictionary */,
				84BEC06D1D23DA60008E43E5 /* AKObserverObject */,
			);
			path = Private;
			sourceTree = "<group>";
		};
		84BEC0671D23DA60008E43E5 /* AKObserverArray */ = {
			isa = PBXGroup;
			children = (
				84BEC0681D23DA60008E43E5 /* AKObserverArray.h */,
				84BEC0691D23DA60008E43E5 /* AKObserverArray.m */,
			);
			path = AKObserverArray;
			sourceTree = "<group>";
		};
		84BEC06A1D23DA60008E43E5 /* AKObserverDictionary */ = {
			isa = PBXGroup;
			children = (
				84BEC06B1D23DA60008E43E5 /* AKObserverDictionary.h */,
				84BEC06C1D23DA60008E43E5 /* AKObserverDictionary.m */,
			);
			path = AKObserverDictionary;
			sourceTree = "<group>";
		};
		84BEC06D1D23DA60008E43E5 /* AKObserverObject */ = {
			isa = PBXGroup;
			children = (
				84BEC06E1D23DA60008E43E5 /* AKObserverObject.h */,
				84BEC06F1D23DA60008E43E5 /* AKObserverObject.m */,
			);
			path = AKObserverObject;
			sourceTree = "<group>";
		};
		84BEC0701D23DA60008E43E5 /* Extentions */ = {
			isa = PBXGroup;
			children = (
				843E0EAA1D3D5A6000C733C2 /* UIView+AKCategory */,
				84E0A75E1D252AF500B86C93 /* UIBarButtonItem+AKCategory */,
				84BEC0711D23DA60008E43E5 /* CGGeometry+AKCategory */,
				84BEC0741D23DA60008E43E5 /* NSBundle+AKCategory */,
				84BEC0771D23DA60008E43E5 /* NSFileManager+AKCategory */,
				84BEC07A1D23DA60008E43E5 /* NSObject+AKExtensions */,
				84BEC07D1D23DA60008E43E5 /* NSString+AKExtensions */,
				84BEC0801D23DA60008E43E5 /* UICollectionView+AKCategory */,
				84BEC0831D23DA60008E43E5 /* UINavigationController+AKCategory */,
				84BEC0861D23DA60008E43E5 /* UINib+AKCategory */,
				84BEC0891D23DA60008E43E5 /* UITabelView+AKCategory */,
				84BEC08C1D23DA60008E43E5 /* UIViewController+AKCategory */,
				84BEC08F1D23DA60008E43E5 /* UIWindow+AKCategory */,
			);
			path = Extentions;
			sourceTree = "<group>";
		};
		84BEC0711D23DA60008E43E5 /* CGGeometry+AKCategory */ = {
			isa = PBXGroup;
			children = (
				84BEC0721D23DA60008E43E5 /* CGGeometry+AKCategory.h */,
				84BEC0731D23DA60008E43E5 /* CGGeometry+AKCategory.m */,
			);
			path = "CGGeometry+AKCategory";
			sourceTree = "<group>";
		};
		84BEC0741D23DA60008E43E5 /* NSBundle+AKCategory */ = {
			isa = PBXGroup;
			children = (
				84BEC0751D23DA60008E43E5 /* NSBundle+AKCategory.h */,
				84BEC0761D23DA60008E43E5 /* NSBundle+AKCategory.m */,
			);
			path = "NSBundle+AKCategory";
			sourceTree = "<group>";
		};
		84BEC0771D23DA60008E43E5 /* NSFileManager+AKCategory */ = {
			isa = PBXGroup;
			children = (
				84BEC0781D23DA60008E43E5 /* NSFileManager+AKCategory.h */,
				84BEC0791D23DA60008E43E5 /* NSFileManager+AKCategory.m */,
			);
			path = "NSFileManager+AKCategory";
			sourceTree = "<group>";
		};
		84BEC07A1D23DA60008E43E5 /* NSObject+AKExtensions */ = {
			isa = PBXGroup;
			children = (
				84BEC07B1D23DA60008E43E5 /* NSObject+AKExtensions.h */,
				84BEC07C1D23DA60008E43E5 /* NSObject+AKExtensions.m */,
			);
			path = "NSObject+AKExtensions";
			sourceTree = "<group>";
		};
		84BEC07D1D23DA60008E43E5 /* NSString+AKExtensions */ = {
			isa = PBXGroup;
			children = (
				84BEC07E1D23DA60008E43E5 /* NSString+AKExtensions.h */,
				84BEC07F1D23DA60008E43E5 /* NSString+AKExtensions.m */,
			);
			path = "NSString+AKExtensions";
			sourceTree = "<group>";
		};
		84BEC0801D23DA60008E43E5 /* UICollectionView+AKCategory */ = {
			isa = PBXGroup;
			children = (
				84BEC0811D23DA60008E43E5 /* UICollectionView+AKCategory.h */,
				84BEC0821D23DA60008E43E5 /* UICollectionView+AKCategory.m */,
			);
			path = "UICollectionView+AKCategory";
			sourceTree = "<group>";
		};
		84BEC0831D23DA60008E43E5 /* UINavigationController+AKCategory */ = {
			isa = PBXGroup;
			children = (
				84BEC0841D23DA60008E43E5 /* UINavigationController+AKCategory.h */,
				84BEC0851D23DA60008E43E5 /* UINavigationController+AKCategory.m */,
			);
			path = "UINavigationController+AKCategory";
			sourceTree = "<group>";
		};
		84BEC0861D23DA60008E43E5 /* UINib+AKCategory */ = {
			isa = PBXGroup;
			children = (
				84BEC0871D23DA60008E43E5 /* UINib+AKCategory.h */,
				84BEC0881D23DA60008E43E5 /* UINib+AKCategory.m */,
			);
			path = "UINib+AKCategory";
			sourceTree = "<group>";
		};
		84BEC0891D23DA60008E43E5 /* UITabelView+AKCategory */ = {
			isa = PBXGroup;
			children = (
				84BEC08A1D23DA60008E43E5 /* UITableView+AKCategory.h */,
				84BEC08B1D23DA60008E43E5 /* UITableView+AKCategory.m */,
			);
			path = "UITabelView+AKCategory";
			sourceTree = "<group>";
		};
		84BEC08C1D23DA60008E43E5 /* UIViewController+AKCategory */ = {
			isa = PBXGroup;
			children = (
				84BEC08D1D23DA60008E43E5 /* UIViewController+AKCategory.h */,
				84BEC08E1D23DA60008E43E5 /* UIViewController+AKCategory.m */,
			);
			path = "UIViewController+AKCategory";
			sourceTree = "<group>";
		};
		84BEC08F1D23DA60008E43E5 /* UIWindow+AKCategory */ = {
			isa = PBXGroup;
			children = (
				84BEC0901D23DA60008E43E5 /* UIWindow+AKCategory.h */,
				84BEC0911D23DA60008E43E5 /* UIWindow+AKCategory.m */,
			);
			path = "UIWindow+AKCategory";
			sourceTree = "<group>";
		};
		84BEC0921D23DA60008E43E5 /* Macro */ = {
			isa = PBXGroup;
			children = (
				84BEC0931D23DA60008E43E5 /* AKMacroIOS.h */,
				84BEC0941D23DA60008E43E5 /* AKMacroObjC.h */,
			);
			path = Macro;
			sourceTree = "<group>";
		};
		84BEC0951D23DA60008E43E5 /* Models */ = {
			isa = PBXGroup;
			children = (
				84BEC0961D23DA60008E43E5 /* AKArrayModel */,
				84BEC09C1D23DA60008E43E5 /* AKModel */,
				84BEC09F1D23DA60008E43E5 /* AKSharedCacheModel */,
				84BEC0A21D23DA60008E43E5 /* AKStateModel */,
				84BEC0A51D23DA60008E43E5 /* AKStringModel */,
			);
			path = Models;
			sourceTree = "<group>";
		};
		84BEC0961D23DA60008E43E5 /* AKArrayModel */ = {
			isa = PBXGroup;
			children = (
				84BEC0971D23DA60008E43E5 /* AKArrayModel.h */,
				84BEC0981D23DA60008E43E5 /* AKArrayModel.m */,
				84BEC0991D23DA60008E43E5 /* AKArrayModelManager */,
			);
			path = AKArrayModel;
			sourceTree = "<group>";
		};
		84BEC0991D23DA60008E43E5 /* AKArrayModelManager */ = {
			isa = PBXGroup;
			children = (
				84BEC09A1D23DA60008E43E5 /* AKArrayManager.h */,
				84BEC09B1D23DA60008E43E5 /* AKArrayManager.m */,
			);
			path = AKArrayModelManager;
			sourceTree = "<group>";
		};
		84BEC09C1D23DA60008E43E5 /* AKModel */ = {
			isa = PBXGroup;
			children = (
				84BEC09D1D23DA60008E43E5 /* AKModel.h */,
				84BEC09E1D23DA60008E43E5 /* AKModel.m */,
			);
			path = AKModel;
			sourceTree = "<group>";
		};
		84BEC09F1D23DA60008E43E5 /* AKSharedCacheModel */ = {
			isa = PBXGroup;
			children = (
				84BEC0A01D23DA60008E43E5 /* AKSharedCacheModel.h */,
				84BEC0A11D23DA60008E43E5 /* AKSharedCacheModel.m */,
			);
			path = AKSharedCacheModel;
			sourceTree = "<group>";
		};
		84BEC0A21D23DA60008E43E5 /* AKStateModel */ = {
			isa = PBXGroup;
			children = (
				84BEC0A31D23DA60008E43E5 /* AKStateModel.h */,
				84BEC0A41D23DA60008E43E5 /* AKStateModel.m */,
			);
			path = AKStateModel;
			sourceTree = "<group>";
		};
		84BEC0A51D23DA60008E43E5 /* AKStringModel */ = {
			isa = PBXGroup;
			children = (
				84BEC0A61D23DA60008E43E5 /* AKStringModel.h */,
				84BEC0A71D23DA60008E43E5 /* AKStringModel.m */,
			);
			path = AKStringModel;
			sourceTree = "<group>";
		};
		84BEC0A81D23DA60008E43E5 /* UI */ = {
			isa = PBXGroup;
			children = (
				84BEC0A91D23DA60008E43E5 /* AKImageView */,
				84BEC0AF1D23DA60008E43E5 /* AKUserViewCell */,
				84BEC0B31D23DA60008E43E5 /* AKUserViewController */,
				84BEC0BA1D23DA60008E43E5 /* AKView */,
			);
			path = UI;
			sourceTree = "<group>";
		};
		84BEC0A91D23DA60008E43E5 /* AKImageView */ = {
			isa = PBXGroup;
			children = (
				84BEC0AA1D23DA60008E43E5 /* AKImageModel */,
				84BEC0AD1D23DA60008E43E5 /* AKImageView.h */,
				84BEC0AE1D23DA60008E43E5 /* AKImageView.m */,
			);
			path = AKImageView;
			sourceTree = "<group>";
		};
		84BEC0AA1D23DA60008E43E5 /* AKImageModel */ = {
			isa = PBXGroup;
			children = (
				84BEC0AB1D23DA60008E43E5 /* AKImageModel.h */,
				84BEC0AC1D23DA60008E43E5 /* AKImageModel.m */,
			);
			path = AKImageModel;
			sourceTree = "<group>";
		};
		84BEC0AF1D23DA60008E43E5 /* AKUserViewCell */ = {
			isa = PBXGroup;
			children = (
				84BEC0B01D23DA60008E43E5 /* AKUserViewCell.h */,
				84BEC0B11D23DA60008E43E5 /* AKUserViewCell.m */,
				84BEC0B21D23DA60008E43E5 /* AKUserViewCell.xib */,
			);
			path = AKUserViewCell;
			sourceTree = "<group>";
		};
		84BEC0B31D23DA60008E43E5 /* AKUserViewController */ = {
			isa = PBXGroup;
			children = (
				84BEC0B41D23DA60008E43E5 /* AKUserView */,
				84BEC0B71D23DA60008E43E5 /* AKUserViewController.h */,
				84BEC0B81D23DA60008E43E5 /* AKUserViewController.m */,
				84BEC0B91D23DA60008E43E5 /* AKUserViewController.xib */,
			);
			path = AKUserViewController;
			sourceTree = "<group>";
		};
		84BEC0B41D23DA60008E43E5 /* AKUserView */ = {
			isa = PBXGroup;
			children = (
				84BEC0B51D23DA60008E43E5 /* AKUserView.h */,
				84BEC0B61D23DA60008E43E5 /* AKUserView.m */,
			);
			path = AKUserView;
			sourceTree = "<group>";
		};
		84BEC0BA1D23DA60008E43E5 /* AKView */ = {
			isa = PBXGroup;
			children = (
				84BEC0BB1D23DA60008E43E5 /* AKLoadingView */,
				84BEC0BF1D23DA60008E43E5 /* AKView.h */,
				84BEC0C01D23DA60008E43E5 /* AKView.m */,
			);
			path = AKView;
			sourceTree = "<group>";
		};
		84BEC0BB1D23DA60008E43E5 /* AKLoadingView */ = {
			isa = PBXGroup;
			children = (
				84BEC0BC1D23DA60008E43E5 /* AKLoadingView.h */,
				84BEC0BD1D23DA60008E43E5 /* AKLoadingView.m */,
				84BEC0BE1D23DA60008E43E5 /* AKLoadingView.xib */,
			);
			path = AKLoadingView;
			sourceTree = "<group>";
		};
		84BEC0C11D23DA60008E43E5 /* Source */ = {
			isa = PBXGroup;
			children = (
				8432158D1D2E5AC800DF9FA3 /* Models */,
				84E0A76C1D254EBE00B86C93 /* Context */,
				84E277EF1D24363B00F14BBD /* UI */,
			);
			path = Source;
			sourceTree = "<group>";
		};
		84BEC0C41D23DA60008E43E5 /* SupportingFiles */ = {
			isa = PBXGroup;
			children = (
				84BEC0FA1D23DA7D008E43E5 /* AppDelegate */,
				84BEC0C81D23DA60008E43E5 /* Assets.xcassets */,
				84BEC0C91D23DA60008E43E5 /* LaunchScreen.storyboard */,
				84BEC0CB1D23DA60008E43E5 /* Main.storyboard */,
				84BEC0CD1D23DA60008E43E5 /* Info.plist */,
				84BEC0CE1D23DA60008E43E5 /* main.m */,
				84BEC0FF1D23DBA8008E43E5 /* AKFootballProjectPrefix.pch */,
				843E0E9D1D3B62D400C733C2 /* AKFootballConstants.h */,
			);
			path = SupportingFiles;
			sourceTree = "<group>";
		};
		84BEC0FA1D23DA7D008E43E5 /* AppDelegate */ = {
			isa = PBXGroup;
			children = (
				84BEC0FB1D23DA7D008E43E5 /* AppDelegate.h */,
				84BEC0FC1D23DA7D008E43E5 /* AppDelegate.m */,
			);
			name = AppDelegate;
			path = AKAppDelegate;
			sourceTree = "<group>";
		};
		84E0A7541D2473D400B86C93 /* AKLeaguesViewController */ = {
			isa = PBXGroup;
			children = (
				84E0A7661D254C9400B86C93 /* AKLeaguesViewCell */,
				84E0A7621D25414D00B86C93 /* AKLeaguesView */,
				84E0A7551D2473EE00B86C93 /* AKLeaguesViewController.h */,
				84E0A7561D2473EE00B86C93 /* AKLeaguesViewController.m */,
				84E0A7571D2473EE00B86C93 /* AKLeaguesViewController.xib */,
			);
			path = AKLeaguesViewController;
			sourceTree = "<group>";
		};
		84E0A75A1D2528E900B86C93 /* AKCustomViewController */ = {
			isa = PBXGroup;
			children = (
				84E0A75B1D2528E900B86C93 /* AKCustomViewController.h */,
				84E0A75C1D2528E900B86C93 /* AKCustomViewController.m */,
			);
			path = AKCustomViewController;
			sourceTree = "<group>";
		};
		84E0A75E1D252AF500B86C93 /* UIBarButtonItem+AKCategory */ = {
			isa = PBXGroup;
			children = (
				84E0A75F1D252B0100B86C93 /* UIBarButtonItem+AKCategory.h */,
				84E0A7601D252B0100B86C93 /* UIBarButtonItem+AKCategory.m */,
			);
			path = "UIBarButtonItem+AKCategory";
			sourceTree = "<group>";
		};
		84E0A7621D25414D00B86C93 /* AKLeaguesView */ = {
			isa = PBXGroup;
			children = (
				84E0A7631D25416200B86C93 /* AKLeaguesView.h */,
				84E0A7641D25416200B86C93 /* AKLeaguesView.m */,
			);
			path = AKLeaguesView;
			sourceTree = "<group>";
		};
		84E0A7661D254C9400B86C93 /* AKLeaguesViewCell */ = {
			isa = PBXGroup;
			children = (
				84E0A7671D254C9400B86C93 /* AKLeaguesViewCell.h */,
				84E0A7681D254C9400B86C93 /* AKLeaguesViewCell.m */,
				84E0A7691D254C9400B86C93 /* AKLeaguesViewCell.xib */,
			);
			name = AKLeaguesViewCell;
			path = AKSeasonViewCell;
			sourceTree = "<group>";
		};
		84E0A76C1D254EBE00B86C93 /* Context */ = {
			isa = PBXGroup;
			children = (
				843215811D2DAA0D00DF9FA3 /* AKContext */,
				843E0E971D3A5F3A00C733C2 /* AKTournamentContext */,
				8444DA8E1D3656D5005909BA /* AKMatchContext */,
				84F0F3CA1D340690002A8A94 /* AKTeamContext */,
				84F0F3BA1D33D402002A8A94 /* AKLeaguesContext */,
			);
			path = Context;
			sourceTree = "<group>";
		};
		84E0A76D1D26942900B86C93 /* AKTeamsViewController */ = {
			isa = PBXGroup;
			children = (
				84F0F3BE1D33D5D3002A8A94 /* AKTeamsViewCell */,
				84E0A7731D26955D00B86C93 /* AKTeamsView */,
				84E0A76E1D26949700B86C93 /* AKTeamsViewController.h */,
				84E0A76F1D26949700B86C93 /* AKTeamsViewController.m */,
				84E0A7701D26949700B86C93 /* AKTeamsViewController.xib */,
			);
			path = AKTeamsViewController;
			sourceTree = "<group>";
		};
		84E0A7731D26955D00B86C93 /* AKTeamsView */ = {
			isa = PBXGroup;
			children = (
				84E0A7741D26957000B86C93 /* AKTeamsView.h */,
				84E0A7751D26957000B86C93 /* AKTeamsView.m */,
			);
			path = AKTeamsView;
			sourceTree = "<group>";
		};
		84E0A7771D26979D00B86C93 /* AKMatchesViewController */ = {
			isa = PBXGroup;
			children = (
				8444DA881D364C80005909BA /* AKMatchesViewCell */,
				84E0A77D1D2697C700B86C93 /* AKMatchesView */,
				84E0A7781D2697B600B86C93 /* AKMatchesViewController.h */,
				84E0A7791D2697B600B86C93 /* AKMatchesViewController.m */,
				84E0A77A1D2697B600B86C93 /* AKMatchesViewController.xib */,
			);
			path = AKMatchesViewController;
			sourceTree = "<group>";
		};
		84E0A77D1D2697C700B86C93 /* AKMatchesView */ = {
			isa = PBXGroup;
			children = (
				84E0A77E1D2697DA00B86C93 /* AKMatchesView.h */,
				84E0A77F1D2697DA00B86C93 /* AKMatchesView.m */,
			);
			path = AKMatchesView;
			sourceTree = "<group>";
		};
		84E0A7811D26993500B86C93 /* AKTournamentViewController */ = {
			isa = PBXGroup;
			children = (
				843E0E911D3A5D8800C733C2 /* AKTournamentViewCell */,
				84E0A7871D26995F00B86C93 /* AKTournamentView */,
				84E0A7821D26995100B86C93 /* AKTournamentViewController.h */,
				84E0A7831D26995100B86C93 /* AKTournamentViewController.m */,
				84E0A7841D26995100B86C93 /* AKTournamentViewController.xib */,
			);
			path = AKTournamentViewController;
			sourceTree = "<group>";
		};
		84E0A7871D26995F00B86C93 /* AKTournamentView */ = {
			isa = PBXGroup;
			children = (
				84E0A7881D26997100B86C93 /* AKTournamentView.h */,
				84E0A7891D26997100B86C93 /* AKTournamentView.m */,
			);
			path = AKTournamentView;
			sourceTree = "<group>";
		};
		84E277EF1D24363B00F14BBD /* UI */ = {
			isa = PBXGroup;
			children = (
				843E0E9E1D3CE24600C733C2 /* AKTabBarViewController */,
				84E0A75A1D2528E900B86C93 /* AKCustomViewController */,
				84E0A7811D26993500B86C93 /* AKTournamentViewController */,
				84E0A7771D26979D00B86C93 /* AKMatchesViewController */,
				84E0A76D1D26942900B86C93 /* AKTeamsViewController */,
				84E0A7541D2473D400B86C93 /* AKLeaguesViewController */,
				84E277F01D24363B00F14BBD /* AKSeasonsViewController */,
			);
			path = UI;
			sourceTree = "<group>";
		};
		84E277F01D24363B00F14BBD /* AKSeasonsViewController */ = {
			isa = PBXGroup;
			children = (
				84E277F71D24363B00F14BBD /* AKSeasonsViewCell */,
				84E277F11D24363B00F14BBD /* AKSeasonsView */,
				84E277F41D24363B00F14BBD /* AKSeasonsViewController.h */,
				84E277F51D24363B00F14BBD /* AKSeasonsViewController.m */,
				84E277F61D24363B00F14BBD /* AKSeasonsViewController.xib */,
			);
			path = AKSeasonsViewController;
			sourceTree = "<group>";
		};
		84E277F11D24363B00F14BBD /* AKSeasonsView */ = {
			isa = PBXGroup;
			children = (
				84E277F21D24363B00F14BBD /* AKSeasonsView.h */,
				84E277F31D24363B00F14BBD /* AKSeasonsView.m */,
			);
			path = AKSeasonsView;
			sourceTree = "<group>";
		};
		84E277F71D24363B00F14BBD /* AKSeasonsViewCell */ = {
			isa = PBXGroup;
			children = (
				84E277F81D24363B00F14BBD /* AKSeasonsViewCell.h */,
				84E277F91D24363B00F14BBD /* AKSeasonsViewCell.m */,
				84E277FA1D24363B00F14BBD /* AKSeasonsViewCell.xib */,
			);
			name = AKSeasonsViewCell;
			path = AKSeasonViewCell;
			sourceTree = "<group>";
		};
		84F0F3BA1D33D402002A8A94 /* AKLeaguesContext */ = {
			isa = PBXGroup;
			children = (
				84F0F3BB1D33D402002A8A94 /* AKLeaguesContext.h */,
				84F0F3BC1D33D402002A8A94 /* AKLeaguesContext.m */,
			);
			path = AKLeaguesContext;
			sourceTree = "<group>";
		};
		84F0F3BE1D33D5D3002A8A94 /* AKTeamsViewCell */ = {
			isa = PBXGroup;
			children = (
				84F0F3BF1D33D60B002A8A94 /* AKTeamsViewCell.h */,
				84F0F3C01D33D60B002A8A94 /* AKTeamsViewCell.m */,
				84F0F3C11D33D60B002A8A94 /* AKTeamsViewCell.xib */,
			);
			path = AKTeamsViewCell;
			sourceTree = "<group>";
		};
		84F0F3CA1D340690002A8A94 /* AKTeamContext */ = {
			isa = PBXGroup;
			children = (
				84F0F3CB1D3406BB002A8A94 /* AKTeamContext.h */,
				84F0F3CC1D3406BB002A8A94 /* AKTeamContext.m */,
			);
			path = AKTeamContext;
			sourceTree = "<group>";
		};
		E9D230563178911E60355775 /* Frameworks */ = {
			isa = PBXGroup;
			children = (
				B72AC836A2541D7B05226C64 /* libPods-AKFootball.a */,
			);
			name = Frameworks;
			sourceTree = "<group>";
		};
/* End PBXGroup section */

/* Begin PBXNativeTarget section */
		84BEC0391D23D300008E43E5 /* AKFootball */ = {
			isa = PBXNativeTarget;
			buildConfigurationList = 84BEC0511D23D300008E43E5 /* Build configuration list for PBXNativeTarget "AKFootball" */;
			buildPhases = (
				F6D46D7AFE19DF29EC3DA1A2 /* [CP] Check Pods Manifest.lock */,
				84BEC0361D23D300008E43E5 /* Sources */,
				84BEC0371D23D300008E43E5 /* Frameworks */,
				84BEC0381D23D300008E43E5 /* Resources */,
				5E01B3FEE36541A484CED403 /* [CP] Embed Pods Frameworks */,
				5E46D4997224D37DB8C00F08 /* [CP] Copy Pods Resources */,
			);
			buildRules = (
			);
			dependencies = (
			);
			name = AKFootball;
			productName = AKFootball;
			productReference = 84BEC03A1D23D300008E43E5 /* AKFootball.app */;
			productType = "com.apple.product-type.application";
		};
/* End PBXNativeTarget section */

/* Begin PBXProject section */
		84BEC0321D23D300008E43E5 /* Project object */ = {
			isa = PBXProject;
			attributes = {
				LastUpgradeCheck = 0730;
				ORGANIZATIONNAME = "Karpov Andrey";
				TargetAttributes = {
					84BEC0391D23D300008E43E5 = {
						CreatedOnToolsVersion = 7.3.1;
					};
				};
			};
			buildConfigurationList = 84BEC0351D23D300008E43E5 /* Build configuration list for PBXProject "AKFootball" */;
			compatibilityVersion = "Xcode 3.2";
			developmentRegion = English;
			hasScannedForEncodings = 0;
			knownRegions = (
				en,
				Base,
			);
			mainGroup = 84BEC0311D23D300008E43E5;
			productRefGroup = 84BEC03B1D23D300008E43E5 /* Products */;
			projectDirPath = "";
			projectRoot = "";
			targets = (
				84BEC0391D23D300008E43E5 /* AKFootball */,
			);
		};
/* End PBXProject section */

/* Begin PBXResourcesBuildPhase section */
		84BEC0381D23D300008E43E5 /* Resources */ = {
			isa = PBXResourcesBuildPhase;
			buildActionMask = 2147483647;
			files = (
				84E0A77C1D2697B600B86C93 /* AKMatchesViewController.xib in Resources */,
				84BEC0EC1D23DA60008E43E5 /* AKUserViewCell.xib in Resources */,
				84E0A7591D2473EE00B86C93 /* AKLeaguesViewController.xib in Resources */,
				84BEC0F11D23DA60008E43E5 /* AKLoadingView.xib in Resources */,
				84E0A76B1D254C9400B86C93 /* AKLeaguesViewCell.xib in Resources */,
				8444DA8D1D364CAA005909BA /* AKMatchesViewCell.xib in Resources */,
				84E277FD1D24363B00F14BBD /* AKSeasonsViewController.xib in Resources */,
				84BEC0F51D23DA60008E43E5 /* Assets.xcassets in Resources */,
				84BEC0F71D23DA60008E43E5 /* Main.storyboard in Resources */,
				84E277FF1D24363B00F14BBD /* AKSeasonsViewCell.xib in Resources */,
				84E0A7721D26949700B86C93 /* AKTeamsViewController.xib in Resources */,
				84BEC0F61D23DA60008E43E5 /* LaunchScreen.storyboard in Resources */,
				84BEC0EF1D23DA60008E43E5 /* AKUserViewController.xib in Resources */,
				843E0E961D3A5DAD00C733C2 /* AKTournamentViewCell.xib in Resources */,
				84E0A7861D26995100B86C93 /* AKTournamentViewController.xib in Resources */,
				84F0F3C31D33D60B002A8A94 /* AKTeamsViewCell.xib in Resources */,
				843E0EA51D3CE2B900C733C2 /* AKTabBarViewController.xib in Resources */,
			);
			runOnlyForDeploymentPostprocessing = 0;
		};
/* End PBXResourcesBuildPhase section */

/* Begin PBXShellScriptBuildPhase section */
		5E01B3FEE36541A484CED403 /* [CP] Embed Pods Frameworks */ = {
			isa = PBXShellScriptBuildPhase;
			buildActionMask = 2147483647;
			files = (
			);
			inputPaths = (
			);
			name = "[CP] Embed Pods Frameworks";
			outputPaths = (
			);
			runOnlyForDeploymentPostprocessing = 0;
			shellPath = /bin/sh;
			shellScript = "\"${SRCROOT}/Pods/Target Support Files/Pods-AKFootball/Pods-AKFootball-frameworks.sh\"\n";
			showEnvVarsInLog = 0;
		};
		5E46D4997224D37DB8C00F08 /* [CP] Copy Pods Resources */ = {
			isa = PBXShellScriptBuildPhase;
			buildActionMask = 2147483647;
			files = (
			);
			inputPaths = (
			);
			name = "[CP] Copy Pods Resources";
			outputPaths = (
			);
			runOnlyForDeploymentPostprocessing = 0;
			shellPath = /bin/sh;
			shellScript = "\"${SRCROOT}/Pods/Target Support Files/Pods-AKFootball/Pods-AKFootball-resources.sh\"\n";
			showEnvVarsInLog = 0;
		};
		F6D46D7AFE19DF29EC3DA1A2 /* [CP] Check Pods Manifest.lock */ = {
			isa = PBXShellScriptBuildPhase;
			buildActionMask = 2147483647;
			files = (
			);
			inputPaths = (
			);
			name = "[CP] Check Pods Manifest.lock";
			outputPaths = (
			);
			runOnlyForDeploymentPostprocessing = 0;
			shellPath = /bin/sh;
			shellScript = "diff \"${PODS_ROOT}/../Podfile.lock\" \"${PODS_ROOT}/Manifest.lock\" > /dev/null\nif [[ $? != 0 ]] ; then\n    cat << EOM\nerror: The sandbox is not in sync with the Podfile.lock. Run 'pod install' or update your CocoaPods installation.\nEOM\n    exit 1\nfi\n";
			showEnvVarsInLog = 0;
		};
/* End PBXShellScriptBuildPhase section */

/* Begin PBXSourcesBuildPhase section */
		84BEC0361D23D300008E43E5 /* Sources */ = {
			isa = PBXSourcesBuildPhase;
			buildActionMask = 2147483647;
			files = (
				84BEC0D11D23DA60008E43E5 /* AKRangeAlphabet.m in Sources */,
				84E0A75D1D2528E900B86C93 /* AKCustomViewController.m in Sources */,
				84BEC0FD1D23DA7D008E43E5 /* AppDelegate.m in Sources */,
				84BEC0ED1D23DA60008E43E5 /* AKUserView.m in Sources */,
				84E277FE1D24363B00F14BBD /* AKSeasonsViewCell.m in Sources */,
				84BEC0D81D23DA60008E43E5 /* CGGeometry+AKCategory.m in Sources */,
				84E0A76A1D254C9400B86C93 /* AKLeaguesViewCell.m in Sources */,
				84F0F3BD1D33D402002A8A94 /* AKLeaguesContext.m in Sources */,
				84BEC0DA1D23DA60008E43E5 /* NSFileManager+AKCategory.m in Sources */,
				84354D431D3F8C5D001DF034 /* AKFootball.xcdatamodeld in Sources */,
				84354D441D3F8C5D001DF034 /* AKLeague+CoreDataProperties.m in Sources */,
				8444DA911D3656EA005909BA /* AKMatchContext.m in Sources */,
				84BEC0DB1D23DA60008E43E5 /* NSObject+AKExtensions.m in Sources */,
				84E0A78A1D26997100B86C93 /* AKTournamentView.m in Sources */,
				84BEC0D51D23DA60008E43E5 /* AKObserverArray.m in Sources */,
				843E0EAD1D3D5AC800C733C2 /* UIView+AKCategory.m in Sources */,
				84E0A7761D26957000B86C93 /* AKTeamsView.m in Sources */,
				84BEC0D21D23DA60008E43E5 /* AKStringAlphabet.m in Sources */,
				84354D471D3F8C5D001DF034 /* AKMatch+CoreDataProperties.m in Sources */,
				84BEC0E81D23DA60008E43E5 /* AKStringModel.m in Sources */,
				84354D4C1D3F8C5D001DF034 /* AKTeam.m in Sources */,
				84BEC0D91D23DA60008E43E5 /* NSBundle+AKCategory.m in Sources */,
				84E277FC1D24363B00F14BBD /* AKSeasonsViewController.m in Sources */,
				84354D451D3F8C5D001DF034 /* AKLeague.m in Sources */,
				84BEC0E61D23DA60008E43E5 /* AKSharedCacheModel.m in Sources */,
				84BEC0DC1D23DA60008E43E5 /* NSString+AKExtensions.m in Sources */,
				84354D481D3F8C5D001DF034 /* AKMatch.m in Sources */,
				84E0A7581D2473EE00B86C93 /* AKLeaguesViewController.m in Sources */,
				843E0E9A1D3A5F9700C733C2 /* AKTournamentContext.m in Sources */,
				84BEC0D61D23DA60008E43E5 /* AKObserverDictionary.m in Sources */,
				84BEC0DF1D23DA60008E43E5 /* UINib+AKCategory.m in Sources */,
				84354D4B1D3F8C5D001DF034 /* AKTeam+CoreDataProperties.m in Sources */,
				84BEC0EE1D23DA60008E43E5 /* AKUserViewController.m in Sources */,
				84BEC0DD1D23DA60008E43E5 /* UICollectionView+AKCategory.m in Sources */,
				84BEC0F01D23DA60008E43E5 /* AKLoadingView.m in Sources */,
				84BEC0D71D23DA60008E43E5 /* AKObserverObject.m in Sources */,
				84E277FB1D24363B00F14BBD /* AKSeasonsView.m in Sources */,
				84E0A7651D25416200B86C93 /* AKLeaguesView.m in Sources */,
				84F0F3CD1D3406BB002A8A94 /* AKTeamContext.m in Sources */,
				84BEC0F21D23DA60008E43E5 /* AKView.m in Sources */,
				84BEC0D31D23DA60008E43E5 /* AKDispatch.m in Sources */,
				84E0A77B1D2697B600B86C93 /* AKMatchesViewController.m in Sources */,
				84BEC0EB1D23DA60008E43E5 /* AKUserViewCell.m in Sources */,
				8444DA8C1D364CAA005909BA /* AKMatchesViewCell.m in Sources */,
				84BEC0E31D23DA60008E43E5 /* AKArrayModel.m in Sources */,
				84E0A7851D26995100B86C93 /* AKTournamentViewController.m in Sources */,
				843215841D2DAA2100DF9FA3 /* AKContext.m in Sources */,
				843E0E951D3A5DAD00C733C2 /* AKTournamentViewCell.m in Sources */,
				84BEC0CF1D23DA60008E43E5 /* AKAlphabet.m in Sources */,
				84354D491D3F8C5D001DF034 /* AKSeason+CoreDataProperties.m in Sources */,
				84BEC0E11D23DA60008E43E5 /* UIViewController+AKCategory.m in Sources */,
				84E0A7711D26949700B86C93 /* AKTeamsViewController.m in Sources */,
				84BEC0E51D23DA60008E43E5 /* AKModel.m in Sources */,
				84BEC0E21D23DA60008E43E5 /* UIWindow+AKCategory.m in Sources */,
				84BEC0DE1D23DA60008E43E5 /* UINavigationController+AKCategory.m in Sources */,
				84E0A7611D252B0100B86C93 /* UIBarButtonItem+AKCategory.m in Sources */,
				84BEC0E01D23DA60008E43E5 /* UITableView+AKCategory.m in Sources */,
				84BEC0EA1D23DA60008E43E5 /* AKImageView.m in Sources */,
				843E0EA91D3CE31600C733C2 /* AKTabBarView.m in Sources */,
				84BEC0E41D23DA60008E43E5 /* AKArrayManager.m in Sources */,
				84F0F3C21D33D60B002A8A94 /* AKTeamsViewCell.m in Sources */,
				84BEC0E91D23DA60008E43E5 /* AKImageModel.m in Sources */,
				84BEC0D01D23DA60008E43E5 /* AKClusterAlphabet.m in Sources */,
				84BEC0E71D23DA60008E43E5 /* AKStateModel.m in Sources */,
				84354D4A1D3F8C5D001DF034 /* AKSeason.m in Sources */,
				84BEC0F91D23DA60008E43E5 /* main.m in Sources */,
				84354D461D3F8C5D001DF034 /* AKManagedObject.m in Sources */,
				84BEC0D41D23DA60008E43E5 /* AKObserver.m in Sources */,
				84E0A7801D2697DA00B86C93 /* AKMatchesView.m in Sources */,
				843E0EA11D3CE28400C733C2 /* AKTabBarViewController.m in Sources */,
			);
			runOnlyForDeploymentPostprocessing = 0;
		};
/* End PBXSourcesBuildPhase section */

/* Begin PBXVariantGroup section */
		84BEC0C91D23DA60008E43E5 /* LaunchScreen.storyboard */ = {
			isa = PBXVariantGroup;
			children = (
				84BEC0CA1D23DA60008E43E5 /* Base */,
			);
			name = LaunchScreen.storyboard;
			sourceTree = "<group>";
		};
		84BEC0CB1D23DA60008E43E5 /* Main.storyboard */ = {
			isa = PBXVariantGroup;
			children = (
				84BEC0CC1D23DA60008E43E5 /* Base */,
			);
			name = Main.storyboard;
			sourceTree = "<group>";
		};
/* End PBXVariantGroup section */

/* Begin XCBuildConfiguration section */
		84BEC04F1D23D300008E43E5 /* Debug */ = {
			isa = XCBuildConfiguration;
			buildSettings = {
				ALWAYS_SEARCH_USER_PATHS = NO;
				CLANG_ANALYZER_NONNULL = YES;
				CLANG_CXX_LANGUAGE_STANDARD = "gnu++0x";
				CLANG_CXX_LIBRARY = "libc++";
				CLANG_ENABLE_MODULES = YES;
				CLANG_ENABLE_OBJC_ARC = YES;
				CLANG_WARN_BOOL_CONVERSION = YES;
				CLANG_WARN_CONSTANT_CONVERSION = YES;
				CLANG_WARN_DIRECT_OBJC_ISA_USAGE = YES_ERROR;
				CLANG_WARN_EMPTY_BODY = YES;
				CLANG_WARN_ENUM_CONVERSION = YES;
				CLANG_WARN_INT_CONVERSION = YES;
				CLANG_WARN_OBJC_ROOT_CLASS = YES_ERROR;
				CLANG_WARN_UNREACHABLE_CODE = YES;
				CLANG_WARN__DUPLICATE_METHOD_MATCH = YES;
				"CODE_SIGN_IDENTITY[sdk=iphoneos*]" = "iPhone Developer";
				COPY_PHASE_STRIP = NO;
				DEBUG_INFORMATION_FORMAT = dwarf;
				ENABLE_STRICT_OBJC_MSGSEND = YES;
				ENABLE_TESTABILITY = YES;
				GCC_C_LANGUAGE_STANDARD = gnu99;
				GCC_DYNAMIC_NO_PIC = NO;
				GCC_NO_COMMON_BLOCKS = YES;
				GCC_OPTIMIZATION_LEVEL = 0;
				GCC_PREPROCESSOR_DEFINITIONS = (
					"DEBUG=1",
					"$(inherited)",
				);
				GCC_WARN_64_TO_32_BIT_CONVERSION = YES;
				GCC_WARN_ABOUT_RETURN_TYPE = YES_ERROR;
				GCC_WARN_UNDECLARED_SELECTOR = YES;
				GCC_WARN_UNINITIALIZED_AUTOS = YES_AGGRESSIVE;
				GCC_WARN_UNUSED_FUNCTION = YES;
				GCC_WARN_UNUSED_VARIABLE = YES;
				IPHONEOS_DEPLOYMENT_TARGET = 9.3;
				MTL_ENABLE_DEBUG_INFO = YES;
				ONLY_ACTIVE_ARCH = YES;
				SDKROOT = iphoneos;
			};
			name = Debug;
		};
		84BEC0501D23D300008E43E5 /* Release */ = {
			isa = XCBuildConfiguration;
			buildSettings = {
				ALWAYS_SEARCH_USER_PATHS = NO;
				CLANG_ANALYZER_NONNULL = YES;
				CLANG_CXX_LANGUAGE_STANDARD = "gnu++0x";
				CLANG_CXX_LIBRARY = "libc++";
				CLANG_ENABLE_MODULES = YES;
				CLANG_ENABLE_OBJC_ARC = YES;
				CLANG_WARN_BOOL_CONVERSION = YES;
				CLANG_WARN_CONSTANT_CONVERSION = YES;
				CLANG_WARN_DIRECT_OBJC_ISA_USAGE = YES_ERROR;
				CLANG_WARN_EMPTY_BODY = YES;
				CLANG_WARN_ENUM_CONVERSION = YES;
				CLANG_WARN_INT_CONVERSION = YES;
				CLANG_WARN_OBJC_ROOT_CLASS = YES_ERROR;
				CLANG_WARN_UNREACHABLE_CODE = YES;
				CLANG_WARN__DUPLICATE_METHOD_MATCH = YES;
				"CODE_SIGN_IDENTITY[sdk=iphoneos*]" = "iPhone Developer";
				COPY_PHASE_STRIP = NO;
				DEBUG_INFORMATION_FORMAT = "dwarf-with-dsym";
				ENABLE_NS_ASSERTIONS = NO;
				ENABLE_STRICT_OBJC_MSGSEND = YES;
				GCC_C_LANGUAGE_STANDARD = gnu99;
				GCC_NO_COMMON_BLOCKS = YES;
				GCC_WARN_64_TO_32_BIT_CONVERSION = YES;
				GCC_WARN_ABOUT_RETURN_TYPE = YES_ERROR;
				GCC_WARN_UNDECLARED_SELECTOR = YES;
				GCC_WARN_UNINITIALIZED_AUTOS = YES_AGGRESSIVE;
				GCC_WARN_UNUSED_FUNCTION = YES;
				GCC_WARN_UNUSED_VARIABLE = YES;
				IPHONEOS_DEPLOYMENT_TARGET = 9.3;
				MTL_ENABLE_DEBUG_INFO = NO;
				SDKROOT = iphoneos;
				VALIDATE_PRODUCT = YES;
			};
			name = Release;
		};
		84BEC0521D23D300008E43E5 /* Debug */ = {
			isa = XCBuildConfiguration;
			baseConfigurationReference = 031C4257E0310E7DB1AB3400 /* Pods-AKFootball.debug.xcconfig */;
			buildSettings = {
				ASSETCATALOG_COMPILER_APPICON_NAME = AppIcon;
				GCC_PRECOMPILE_PREFIX_HEADER = YES;
				GCC_PREFIX_HEADER = "$(PROJECT_DIR)/AKFootball/SupportingFiles/AKFootballProjectPrefix.pch";
				INFOPLIST_FILE = "$(SRCROOT)/AKFootball/SupportingFiles/Info.plist";
				LD_RUNPATH_SEARCH_PATHS = "$(inherited) @executable_path/Frameworks";
				PRODUCT_BUNDLE_IDENTIFIER = AK.AKFootball;
				PRODUCT_NAME = "$(TARGET_NAME)";
				TARGETED_DEVICE_FAMILY = 1;
			};
			name = Debug;
		};
		84BEC0531D23D300008E43E5 /* Release */ = {
			isa = XCBuildConfiguration;
			baseConfigurationReference = A8F10CC3C65573CD46A07B05 /* Pods-AKFootball.release.xcconfig */;
			buildSettings = {
				ASSETCATALOG_COMPILER_APPICON_NAME = AppIcon;
				GCC_PRECOMPILE_PREFIX_HEADER = YES;
				GCC_PREFIX_HEADER = "$(PROJECT_DIR)/AKFootball/SupportingFiles/AKFootballProjectPrefix.pch";
				INFOPLIST_FILE = "$(SRCROOT)/AKFootball/SupportingFiles/Info.plist";
				LD_RUNPATH_SEARCH_PATHS = "$(inherited) @executable_path/Frameworks";
				PRODUCT_BUNDLE_IDENTIFIER = AK.AKFootball;
				PRODUCT_NAME = "$(TARGET_NAME)";
				TARGETED_DEVICE_FAMILY = 1;
			};
			name = Release;
		};
/* End XCBuildConfiguration section */

/* Begin XCConfigurationList section */
		84BEC0351D23D300008E43E5 /* Build configuration list for PBXProject "AKFootball" */ = {
			isa = XCConfigurationList;
			buildConfigurations = (
				84BEC04F1D23D300008E43E5 /* Debug */,
				84BEC0501D23D300008E43E5 /* Release */,
			);
			defaultConfigurationIsVisible = 0;
			defaultConfigurationName = Release;
		};
		84BEC0511D23D300008E43E5 /* Build configuration list for PBXNativeTarget "AKFootball" */ = {
			isa = XCConfigurationList;
			buildConfigurations = (
				84BEC0521D23D300008E43E5 /* Debug */,
				84BEC0531D23D300008E43E5 /* Release */,
			);
			defaultConfigurationIsVisible = 0;
			defaultConfigurationName = Release;
		};
/* End XCConfigurationList section */

/* Begin XCVersionGroup section */
		84354D2A1D3F8C5D001DF034 /* AKFootball.xcdatamodeld */ = {
			isa = XCVersionGroup;
			children = (
				84354D2B1D3F8C5D001DF034 /* AKFootball.xcdatamodel */,
			);
			currentVersion = 84354D2B1D3F8C5D001DF034 /* AKFootball.xcdatamodel */;
			path = AKFootball.xcdatamodeld;
			sourceTree = "<group>";
			versionGroupType = wrapper.xcdatamodel;
		};
/* End XCVersionGroup section */
	};
	rootObject = 84BEC0321D23D300008E43E5 /* Project object */;
}
